// !$*UTF8*$!
{
	archiveVersion = 1;
	classes = {
	};
	objectVersion = 46;
	objects = {

/* Begin PBXBuildFile section */
		573132351BDCBF5200824EA5 /* ModelShader.fsh in Resources */ = {isa = PBXBuildFile; fileRef = 573132331BDCBF5200824EA5 /* ModelShader.fsh */; };
		573132361BDCBF5200824EA5 /* ModelShader.vsh in Resources */ = {isa = PBXBuildFile; fileRef = 573132341BDCBF5200824EA5 /* ModelShader.vsh */; };
		574A2B5F1BE89BD400CFA4B4 /* BlurShader.fsh in Resources */ = {isa = PBXBuildFile; fileRef = 574A2B5D1BE89BD400CFA4B4 /* BlurShader.fsh */; };
		574A2B601BE89BD400CFA4B4 /* BlurShader.vsh in Resources */ = {isa = PBXBuildFile; fileRef = 574A2B5E1BE89BD400CFA4B4 /* BlurShader.vsh */; };
		579013A31BC1083400ADAE3E /* AppDelegate.swift in Sources */ = {isa = PBXBuildFile; fileRef = 579013A21BC1083400ADAE3E /* AppDelegate.swift */; };
		579013AC1BC1083400ADAE3E /* Main.storyboard in Resources */ = {isa = PBXBuildFile; fileRef = 579013AA1BC1083400ADAE3E /* Main.storyboard */; };
		579013AE1BC1083400ADAE3E /* Assets.xcassets in Resources */ = {isa = PBXBuildFile; fileRef = 579013AD1BC1083400ADAE3E /* Assets.xcassets */; };
		579013B11BC1083400ADAE3E /* LaunchScreen.storyboard in Resources */ = {isa = PBXBuildFile; fileRef = 579013AF1BC1083400ADAE3E /* LaunchScreen.storyboard */; };
		579AD5F41C01ECA100218D38 /* World.swift in Sources */ = {isa = PBXBuildFile; fileRef = 579AD5F31C01ECA100218D38 /* World.swift */; };
		579AD5F61C01EE0500218D38 /* Icosahedron.swift in Sources */ = {isa = PBXBuildFile; fileRef = 579AD5F51C01EE0500218D38 /* Icosahedron.swift */; };
		579AD6001C01EEB900218D38 /* BlurCanvas.swift in Sources */ = {isa = PBXBuildFile; fileRef = 579AD5F81C01EEB900218D38 /* BlurCanvas.swift */; };
		579AD6011C01EEB900218D38 /* IcosahedronModel.swift in Sources */ = {isa = PBXBuildFile; fileRef = 579AD5F91C01EEB900218D38 /* IcosahedronModel.swift */; };
		579AD6021C01EEB900218D38 /* IcosahedronVertex.swift in Sources */ = {isa = PBXBuildFile; fileRef = 579AD5FA1C01EEB900218D38 /* IcosahedronVertex.swift */; };
		579AD6031C01EEB900218D38 /* ItemModel.swift in Sources */ = {isa = PBXBuildFile; fileRef = 579AD5FB1C01EEB900218D38 /* ItemModel.swift */; };
		579AD6041C01EEB900218D38 /* MarkerModel.swift in Sources */ = {isa = PBXBuildFile; fileRef = 579AD5FC1C01EEB900218D38 /* MarkerModel.swift */; };
		579AD6051C01EEB900218D38 /* ModelVertex.swift in Sources */ = {isa = PBXBuildFile; fileRef = 579AD5FD1C01EEB900218D38 /* ModelVertex.swift */; };
		579AD6061C01EEB900218D38 /* Renderable.swift in Sources */ = {isa = PBXBuildFile; fileRef = 579AD5FE1C01EEB900218D38 /* Renderable.swift */; };
		579AD6071C01EEB900218D38 /* TetrahedronModel.swift in Sources */ = {isa = PBXBuildFile; fileRef = 579AD5FF1C01EEB900218D38 /* TetrahedronModel.swift */; };
		579AD6091C01F35300218D38 /* Item.swift in Sources */ = {isa = PBXBuildFile; fileRef = 579AD6081C01F35300218D38 /* Item.swift */; };
		579AD60C1C02F92700218D38 /* MotherIcosahedronModel.swift in Sources */ = {isa = PBXBuildFile; fileRef = 579AD60B1C02F92700218D38 /* MotherIcosahedronModel.swift */; };
		57CDCD711C02FDF300A4E085 /* LeadModel.swift in Sources */ = {isa = PBXBuildFile; fileRef = 57CDCD701C02FDF300A4E085 /* LeadModel.swift */; };
		57CDCD731C03002C00A4E085 /* RoadModel.swift in Sources */ = {isa = PBXBuildFile; fileRef = 57CDCD721C03002C00A4E085 /* RoadModel.swift */; };
		57CDCD751C0300E000A4E085 /* Road.swift in Sources */ = {isa = PBXBuildFile; fileRef = 57CDCD741C0300E000A4E085 /* Road.swift */; };
		57D866BB1BEA384D0034DEDE /* vertex.png in Resources */ = {isa = PBXBuildFile; fileRef = 57D866BA1BEA384D0034DEDE /* vertex.png */; };
		57D866C31BEE3AA30034DEDE /* GameViewController.swift in Sources */ = {isa = PBXBuildFile; fileRef = 57D866C21BEE3AA30034DEDE /* GameViewController.swift */; };
		57D866C51BEF66F90034DEDE /* Renderer.swift in Sources */ = {isa = PBXBuildFile; fileRef = 57D866C41BEF66F90034DEDE /* Renderer.swift */; };
		57D866CB1BF2ED5E0034DEDE /* ShaderProgram.swift in Sources */ = {isa = PBXBuildFile; fileRef = 57D866CA1BF2ED5E0034DEDE /* ShaderProgram.swift */; };
		57D866CD1BF2EF0C0034DEDE /* ModelShaderProgram.swift in Sources */ = {isa = PBXBuildFile; fileRef = 57D866CC1BF2EF0C0034DEDE /* ModelShaderProgram.swift */; };
		57D866CF1BF2EF190034DEDE /* BlurShaderProgram.swift in Sources */ = {isa = PBXBuildFile; fileRef = 57D866CE1BF2EF190034DEDE /* BlurShaderProgram.swift */; };
		57DDC9501BD7D173009423EA /* GLKit.framework in Frameworks */ = {isa = PBXBuildFile; fileRef = 57DDC94F1BD7D173009423EA /* GLKit.framework */; };
		57DDC9521BD7D180009423EA /* SpriteKit.framework in Frameworks */ = {isa = PBXBuildFile; fileRef = 57DDC9511BD7D180009423EA /* SpriteKit.framework */; };
		57E2FA151C0AB8A900DF1796 /* UIColorExtensions.swift in Sources */ = {isa = PBXBuildFile; fileRef = 57E2FA141C0AB8A900DF1796 /* UIColorExtensions.swift */; };
		98811DB37D5721A1862FEB21 /* Pods.framework in Frameworks */ = {isa = PBXBuildFile; fileRef = 2418BDBEB5F57607DCBC1690 /* Pods.framework */; };
/* End PBXBuildFile section */

/* Begin PBXFileReference section */
		2418BDBEB5F57607DCBC1690 /* Pods.framework */ = {isa = PBXFileReference; explicitFileType = wrapper.framework; includeInIndex = 0; path = Pods.framework; sourceTree = BUILT_PRODUCTS_DIR; };
		38FED04CDB28B30F908D55EE /* Pods.debug.xcconfig */ = {isa = PBXFileReference; includeInIndex = 1; lastKnownFileType = text.xcconfig; name = Pods.debug.xcconfig; path = "Pods/Target Support Files/Pods/Pods.debug.xcconfig"; sourceTree = "<group>"; };
		4BA79710F87EB83A01083056 /* Pods.release.xcconfig */ = {isa = PBXFileReference; includeInIndex = 1; lastKnownFileType = text.xcconfig; name = Pods.release.xcconfig; path = "Pods/Target Support Files/Pods/Pods.release.xcconfig"; sourceTree = "<group>"; };
		573132331BDCBF5200824EA5 /* ModelShader.fsh */ = {isa = PBXFileReference; fileEncoding = 4; lastKnownFileType = sourcecode.glsl; path = ModelShader.fsh; sourceTree = "<group>"; };
		573132341BDCBF5200824EA5 /* ModelShader.vsh */ = {isa = PBXFileReference; fileEncoding = 4; lastKnownFileType = sourcecode.glsl; path = ModelShader.vsh; sourceTree = "<group>"; };
		574A2B5D1BE89BD400CFA4B4 /* BlurShader.fsh */ = {isa = PBXFileReference; fileEncoding = 4; lastKnownFileType = sourcecode.glsl; path = BlurShader.fsh; sourceTree = "<group>"; };
		574A2B5E1BE89BD400CFA4B4 /* BlurShader.vsh */ = {isa = PBXFileReference; fileEncoding = 4; lastKnownFileType = sourcecode.glsl; path = BlurShader.vsh; sourceTree = "<group>"; };
		5790139F1BC1083400ADAE3E /* Icosahedron.app */ = {isa = PBXFileReference; explicitFileType = wrapper.application; includeInIndex = 0; path = Icosahedron.app; sourceTree = BUILT_PRODUCTS_DIR; };
		579013A21BC1083400ADAE3E /* AppDelegate.swift */ = {isa = PBXFileReference; lastKnownFileType = sourcecode.swift; path = AppDelegate.swift; sourceTree = "<group>"; };
		579013AB1BC1083400ADAE3E /* Base */ = {isa = PBXFileReference; lastKnownFileType = file.storyboard; name = Base; path = Base.lproj/Main.storyboard; sourceTree = "<group>"; };
		579013AD1BC1083400ADAE3E /* Assets.xcassets */ = {isa = PBXFileReference; lastKnownFileType = folder.assetcatalog; path = Assets.xcassets; sourceTree = "<group>"; };
		579013B01BC1083400ADAE3E /* Base */ = {isa = PBXFileReference; lastKnownFileType = file.storyboard; name = Base; path = Base.lproj/LaunchScreen.storyboard; sourceTree = "<group>"; };
		579013B21BC1083400ADAE3E /* Info.plist */ = {isa = PBXFileReference; lastKnownFileType = text.plist.xml; path = Info.plist; sourceTree = "<group>"; };
		579AD5F31C01ECA100218D38 /* World.swift */ = {isa = PBXFileReference; fileEncoding = 4; lastKnownFileType = sourcecode.swift; path = World.swift; sourceTree = "<group>"; };
		579AD5F51C01EE0500218D38 /* Icosahedron.swift */ = {isa = PBXFileReference; fileEncoding = 4; lastKnownFileType = sourcecode.swift; path = Icosahedron.swift; sourceTree = "<group>"; };
		579AD5F81C01EEB900218D38 /* BlurCanvas.swift */ = {isa = PBXFileReference; fileEncoding = 4; lastKnownFileType = sourcecode.swift; path = BlurCanvas.swift; sourceTree = "<group>"; };
		579AD5F91C01EEB900218D38 /* IcosahedronModel.swift */ = {isa = PBXFileReference; fileEncoding = 4; lastKnownFileType = sourcecode.swift; path = IcosahedronModel.swift; sourceTree = "<group>"; };
		579AD5FA1C01EEB900218D38 /* IcosahedronVertex.swift */ = {isa = PBXFileReference; fileEncoding = 4; lastKnownFileType = sourcecode.swift; path = IcosahedronVertex.swift; sourceTree = "<group>"; };
		579AD5FB1C01EEB900218D38 /* ItemModel.swift */ = {isa = PBXFileReference; fileEncoding = 4; lastKnownFileType = sourcecode.swift; path = ItemModel.swift; sourceTree = "<group>"; };
		579AD5FC1C01EEB900218D38 /* MarkerModel.swift */ = {isa = PBXFileReference; fileEncoding = 4; lastKnownFileType = sourcecode.swift; path = MarkerModel.swift; sourceTree = "<group>"; };
		579AD5FD1C01EEB900218D38 /* ModelVertex.swift */ = {isa = PBXFileReference; fileEncoding = 4; lastKnownFileType = sourcecode.swift; path = ModelVertex.swift; sourceTree = "<group>"; };
		579AD5FE1C01EEB900218D38 /* Renderable.swift */ = {isa = PBXFileReference; fileEncoding = 4; lastKnownFileType = sourcecode.swift; path = Renderable.swift; sourceTree = "<group>"; };
		579AD5FF1C01EEB900218D38 /* TetrahedronModel.swift */ = {isa = PBXFileReference; fileEncoding = 4; lastKnownFileType = sourcecode.swift; path = TetrahedronModel.swift; sourceTree = "<group>"; };
		579AD6081C01F35300218D38 /* Item.swift */ = {isa = PBXFileReference; fileEncoding = 4; lastKnownFileType = sourcecode.swift; path = Item.swift; sourceTree = "<group>"; };
		579AD60B1C02F92700218D38 /* MotherIcosahedronModel.swift */ = {isa = PBXFileReference; fileEncoding = 4; lastKnownFileType = sourcecode.swift; path = MotherIcosahedronModel.swift; sourceTree = "<group>"; };
		57CDCD701C02FDF300A4E085 /* LeadModel.swift */ = {isa = PBXFileReference; fileEncoding = 4; lastKnownFileType = sourcecode.swift; path = LeadModel.swift; sourceTree = "<group>"; };
		57CDCD721C03002C00A4E085 /* RoadModel.swift */ = {isa = PBXFileReference; fileEncoding = 4; lastKnownFileType = sourcecode.swift; path = RoadModel.swift; sourceTree = "<group>"; };
		57CDCD741C0300E000A4E085 /* Road.swift */ = {isa = PBXFileReference; fileEncoding = 4; lastKnownFileType = sourcecode.swift; path = Road.swift; sourceTree = "<group>"; };
		57D866BA1BEA384D0034DEDE /* vertex.png */ = {isa = PBXFileReference; lastKnownFileType = image.png; path = vertex.png; sourceTree = "<group>"; };
		57D866C21BEE3AA30034DEDE /* GameViewController.swift */ = {isa = PBXFileReference; fileEncoding = 4; lastKnownFileType = sourcecode.swift; path = GameViewController.swift; sourceTree = "<group>"; };
		57D866C41BEF66F90034DEDE /* Renderer.swift */ = {isa = PBXFileReference; fileEncoding = 4; lastKnownFileType = sourcecode.swift; path = Renderer.swift; sourceTree = "<group>"; };
		57D866CA1BF2ED5E0034DEDE /* ShaderProgram.swift */ = {isa = PBXFileReference; fileEncoding = 4; lastKnownFileType = sourcecode.swift; path = ShaderProgram.swift; sourceTree = "<group>"; };
		57D866CC1BF2EF0C0034DEDE /* ModelShaderProgram.swift */ = {isa = PBXFileReference; fileEncoding = 4; lastKnownFileType = sourcecode.swift; path = ModelShaderProgram.swift; sourceTree = "<group>"; };
		57D866CE1BF2EF190034DEDE /* BlurShaderProgram.swift */ = {isa = PBXFileReference; fileEncoding = 4; lastKnownFileType = sourcecode.swift; path = BlurShaderProgram.swift; sourceTree = "<group>"; };
		57DDC94F1BD7D173009423EA /* GLKit.framework */ = {isa = PBXFileReference; lastKnownFileType = wrapper.framework; name = GLKit.framework; path = System/Library/Frameworks/GLKit.framework; sourceTree = SDKROOT; };
		57DDC9511BD7D180009423EA /* SpriteKit.framework */ = {isa = PBXFileReference; lastKnownFileType = wrapper.framework; name = SpriteKit.framework; path = System/Library/Frameworks/SpriteKit.framework; sourceTree = SDKROOT; };
		57E2FA141C0AB8A900DF1796 /* UIColorExtensions.swift */ = {isa = PBXFileReference; fileEncoding = 4; lastKnownFileType = sourcecode.swift; path = UIColorExtensions.swift; sourceTree = "<group>"; };
/* End PBXFileReference section */

/* Begin PBXFrameworksBuildPhase section */
		5790139C1BC1083400ADAE3E /* Frameworks */ = {
			isa = PBXFrameworksBuildPhase;
			buildActionMask = 2147483647;
			files = (
				57DDC9521BD7D180009423EA /* SpriteKit.framework in Frameworks */,
				57DDC9501BD7D173009423EA /* GLKit.framework in Frameworks */,
				98811DB37D5721A1862FEB21 /* Pods.framework in Frameworks */,
			);
			runOnlyForDeploymentPostprocessing = 0;
		};
/* End PBXFrameworksBuildPhase section */

/* Begin PBXGroup section */
		573132321BDCBF3200824EA5 /* Shader */ = {
			isa = PBXGroup;
			children = (
				573132331BDCBF5200824EA5 /* ModelShader.fsh */,
				573132341BDCBF5200824EA5 /* ModelShader.vsh */,
				574A2B5D1BE89BD400CFA4B4 /* BlurShader.fsh */,
				574A2B5E1BE89BD400CFA4B4 /* BlurShader.vsh */,
				57D866CA1BF2ED5E0034DEDE /* ShaderProgram.swift */,
				57D866CC1BF2EF0C0034DEDE /* ModelShaderProgram.swift */,
				57D866CE1BF2EF190034DEDE /* BlurShaderProgram.swift */,
			);
			path = Shader;
			sourceTree = "<group>";
		};
		579013961BC1083400ADAE3E = {
			isa = PBXGroup;
			children = (
				579013A11BC1083400ADAE3E /* Icosahedron */,
				579013A01BC1083400ADAE3E /* Products */,
				CF23D3D0BEEF2BA621C93C49 /* Pods */,
				F753C31B6DC8F86ABE5A2331 /* Frameworks */,
			);
			sourceTree = "<group>";
		};
		579013A01BC1083400ADAE3E /* Products */ = {
			isa = PBXGroup;
			children = (
				5790139F1BC1083400ADAE3E /* Icosahedron.app */,
			);
			name = Products;
			sourceTree = "<group>";
		};
		579013A11BC1083400ADAE3E /* Icosahedron */ = {
			isa = PBXGroup;
			children = (
				57E2FA131C0AB86500DF1796 /* Utility */,
				579AD5F71C01EE1100218D38 /* Model */,
				57D866B91BEA381B0034DEDE /* Texture */,
				573132321BDCBF3200824EA5 /* Shader */,
				57DDC9531BDB2E70009423EA /* Entity */,
				579013A21BC1083400ADAE3E /* AppDelegate.swift */,
				57D866C21BEE3AA30034DEDE /* GameViewController.swift */,
				57D866C41BEF66F90034DEDE /* Renderer.swift */,
				579013AA1BC1083400ADAE3E /* Main.storyboard */,
				579013AF1BC1083400ADAE3E /* LaunchScreen.storyboard */,
				579013AD1BC1083400ADAE3E /* Assets.xcassets */,
				579013B21BC1083400ADAE3E /* Info.plist */,
			);
			path = Icosahedron;
			sourceTree = "<group>";
		};
		579AD5F71C01EE1100218D38 /* Model */ = {
			isa = PBXGroup;
			children = (
				579AD5FE1C01EEB900218D38 /* Renderable.swift */,
				579AD5FD1C01EEB900218D38 /* ModelVertex.swift */,
				579AD5FA1C01EEB900218D38 /* IcosahedronVertex.swift */,
				579AD60A1C02F8CE00218D38 /* BaseModel */,
				579AD5FB1C01EEB900218D38 /* ItemModel.swift */,
				579AD5FC1C01EEB900218D38 /* MarkerModel.swift */,
				579AD60B1C02F92700218D38 /* MotherIcosahedronModel.swift */,
				579AD5F81C01EEB900218D38 /* BlurCanvas.swift */,
				57CDCD721C03002C00A4E085 /* RoadModel.swift */,
			);
			path = Model;
			sourceTree = "<group>";
		};
		579AD60A1C02F8CE00218D38 /* BaseModel */ = {
			isa = PBXGroup;
			children = (
				579AD5F91C01EEB900218D38 /* IcosahedronModel.swift */,
				579AD5FF1C01EEB900218D38 /* TetrahedronModel.swift */,
				57CDCD701C02FDF300A4E085 /* LeadModel.swift */,
			);
			name = BaseModel;
			sourceTree = "<group>";
		};
		57D866B91BEA381B0034DEDE /* Texture */ = {
			isa = PBXGroup;
			children = (
				57D866BA1BEA384D0034DEDE /* vertex.png */,
			);
			path = Texture;
			sourceTree = "<group>";
		};
		57DDC9531BDB2E70009423EA /* Entity */ = {
			isa = PBXGroup;
			children = (
				579AD5F31C01ECA100218D38 /* World.swift */,
				579AD6081C01F35300218D38 /* Item.swift */,
				579AD5F51C01EE0500218D38 /* Icosahedron.swift */,
				57CDCD741C0300E000A4E085 /* Road.swift */,
			);
			path = Entity;
			sourceTree = "<group>";
		};
		57E2FA131C0AB86500DF1796 /* Utility */ = {
			isa = PBXGroup;
			children = (
				57E2FA141C0AB8A900DF1796 /* UIColorExtensions.swift */,
			);
			path = Utility;
			sourceTree = "<group>";
		};
		CF23D3D0BEEF2BA621C93C49 /* Pods */ = {
			isa = PBXGroup;
			children = (
				38FED04CDB28B30F908D55EE /* Pods.debug.xcconfig */,
				4BA79710F87EB83A01083056 /* Pods.release.xcconfig */,
			);
			name = Pods;
			sourceTree = "<group>";
		};
		F753C31B6DC8F86ABE5A2331 /* Frameworks */ = {
			isa = PBXGroup;
			children = (
				57DDC9511BD7D180009423EA /* SpriteKit.framework */,
				57DDC94F1BD7D173009423EA /* GLKit.framework */,
				2418BDBEB5F57607DCBC1690 /* Pods.framework */,
			);
			name = Frameworks;
			sourceTree = "<group>";
		};
/* End PBXGroup section */

/* Begin PBXNativeTarget section */
		5790139E1BC1083400ADAE3E /* Icosahedron */ = {
			isa = PBXNativeTarget;
			buildConfigurationList = 579013B51BC1083400ADAE3E /* Build configuration list for PBXNativeTarget "Icosahedron" */;
			buildPhases = (
				EB7796BCD53E3FA12CF89254 /* Check Pods Manifest.lock */,
				5790139B1BC1083400ADAE3E /* Sources */,
				5790139C1BC1083400ADAE3E /* Frameworks */,
				5790139D1BC1083400ADAE3E /* Resources */,
				591691D22B204B591C1FA38B /* Embed Pods Frameworks */,
				70CDE13C8C9CBB0CCE4F8FEA /* Copy Pods Resources */,
			);
			buildRules = (
			);
			dependencies = (
			);
			name = Icosahedron;
			productName = Icosahedron;
			productReference = 5790139F1BC1083400ADAE3E /* Icosahedron.app */;
			productType = "com.apple.product-type.application";
		};
/* End PBXNativeTarget section */

/* Begin PBXProject section */
		579013971BC1083400ADAE3E /* Project object */ = {
			isa = PBXProject;
			attributes = {
				LastSwiftUpdateCheck = 0700;
				LastUpgradeCheck = 0700;
				ORGANIZATIONNAME = slightair;
				TargetAttributes = {
					5790139E1BC1083400ADAE3E = {
						CreatedOnToolsVersion = 7.0.1;
					};
				};
			};
			buildConfigurationList = 5790139A1BC1083400ADAE3E /* Build configuration list for PBXProject "Icosahedron" */;
			compatibilityVersion = "Xcode 3.2";
			developmentRegion = English;
			hasScannedForEncodings = 0;
			knownRegions = (
				en,
				Base,
			);
			mainGroup = 579013961BC1083400ADAE3E;
			productRefGroup = 579013A01BC1083400ADAE3E /* Products */;
			projectDirPath = "";
			projectRoot = "";
			targets = (
				5790139E1BC1083400ADAE3E /* Icosahedron */,
			);
		};
/* End PBXProject section */

/* Begin PBXResourcesBuildPhase section */
		5790139D1BC1083400ADAE3E /* Resources */ = {
			isa = PBXResourcesBuildPhase;
			buildActionMask = 2147483647;
			files = (
				573132351BDCBF5200824EA5 /* ModelShader.fsh in Resources */,
				579013AC1BC1083400ADAE3E /* Main.storyboard in Resources */,
				579013AE1BC1083400ADAE3E /* Assets.xcassets in Resources */,
				57D866BB1BEA384D0034DEDE /* vertex.png in Resources */,
				579013B11BC1083400ADAE3E /* LaunchScreen.storyboard in Resources */,
				574A2B5F1BE89BD400CFA4B4 /* BlurShader.fsh in Resources */,
				574A2B601BE89BD400CFA4B4 /* BlurShader.vsh in Resources */,
				573132361BDCBF5200824EA5 /* ModelShader.vsh in Resources */,
			);
			runOnlyForDeploymentPostprocessing = 0;
		};
/* End PBXResourcesBuildPhase section */

/* Begin PBXShellScriptBuildPhase section */
		591691D22B204B591C1FA38B /* Embed Pods Frameworks */ = {
			isa = PBXShellScriptBuildPhase;
			buildActionMask = 2147483647;
			files = (
			);
			inputPaths = (
			);
			name = "Embed Pods Frameworks";
			outputPaths = (
			);
			runOnlyForDeploymentPostprocessing = 0;
			shellPath = /bin/sh;
			shellScript = "\"${SRCROOT}/Pods/Target Support Files/Pods/Pods-frameworks.sh\"\n";
			showEnvVarsInLog = 0;
		};
		70CDE13C8C9CBB0CCE4F8FEA /* Copy Pods Resources */ = {
			isa = PBXShellScriptBuildPhase;
			buildActionMask = 2147483647;
			files = (
			);
			inputPaths = (
			);
			name = "Copy Pods Resources";
			outputPaths = (
			);
			runOnlyForDeploymentPostprocessing = 0;
			shellPath = /bin/sh;
			shellScript = "\"${SRCROOT}/Pods/Target Support Files/Pods/Pods-resources.sh\"\n";
			showEnvVarsInLog = 0;
		};
		EB7796BCD53E3FA12CF89254 /* Check Pods Manifest.lock */ = {
			isa = PBXShellScriptBuildPhase;
			buildActionMask = 2147483647;
			files = (
			);
			inputPaths = (
			);
			name = "Check Pods Manifest.lock";
			outputPaths = (
			);
			runOnlyForDeploymentPostprocessing = 0;
			shellPath = /bin/sh;
			shellScript = "diff \"${PODS_ROOT}/../Podfile.lock\" \"${PODS_ROOT}/Manifest.lock\" > /dev/null\nif [[ $? != 0 ]] ; then\n    cat << EOM\nerror: The sandbox is not in sync with the Podfile.lock. Run 'pod install' or update your CocoaPods installation.\nEOM\n    exit 1\nfi\n";
			showEnvVarsInLog = 0;
		};
/* End PBXShellScriptBuildPhase section */

/* Begin PBXSourcesBuildPhase section */
		5790139B1BC1083400ADAE3E /* Sources */ = {
			isa = PBXSourcesBuildPhase;
			buildActionMask = 2147483647;
			files = (
				57CDCD731C03002C00A4E085 /* RoadModel.swift in Sources */,
				57D866C51BEF66F90034DEDE /* Renderer.swift in Sources */,
				579AD6011C01EEB900218D38 /* IcosahedronModel.swift in Sources */,
				579AD6031C01EEB900218D38 /* ItemModel.swift in Sources */,
				57E2FA151C0AB8A900DF1796 /* UIColorExtensions.swift in Sources */,
				579AD5F61C01EE0500218D38 /* Icosahedron.swift in Sources */,
				57CDCD751C0300E000A4E085 /* Road.swift in Sources */,
				579AD6001C01EEB900218D38 /* BlurCanvas.swift in Sources */,
				57CDCD711C02FDF300A4E085 /* LeadModel.swift in Sources */,
				579AD6041C01EEB900218D38 /* MarkerModel.swift in Sources */,
				57D866CF1BF2EF190034DEDE /* BlurShaderProgram.swift in Sources */,
				57D866C31BEE3AA30034DEDE /* GameViewController.swift in Sources */,
				579013A31BC1083400ADAE3E /* AppDelegate.swift in Sources */,
				57D866CB1BF2ED5E0034DEDE /* ShaderProgram.swift in Sources */,
				579AD6091C01F35300218D38 /* Item.swift in Sources */,
				57D866CD1BF2EF0C0034DEDE /* ModelShaderProgram.swift in Sources */,
				579AD60C1C02F92700218D38 /* MotherIcosahedronModel.swift in Sources */,
				579AD5F41C01ECA100218D38 /* World.swift in Sources */,
				579AD6051C01EEB900218D38 /* ModelVertex.swift in Sources */,
				579AD6021C01EEB900218D38 /* IcosahedronVertex.swift in Sources */,
				579AD6061C01EEB900218D38 /* Renderable.swift in Sources */,
				579AD6071C01EEB900218D38 /* TetrahedronModel.swift in Sources */,
			);
			runOnlyForDeploymentPostprocessing = 0;
		};
/* End PBXSourcesBuildPhase section */

/* Begin PBXVariantGroup section */
		579013AA1BC1083400ADAE3E /* Main.storyboard */ = {
			isa = PBXVariantGroup;
			children = (
				579013AB1BC1083400ADAE3E /* Base */,
			);
			name = Main.storyboard;
			sourceTree = "<group>";
		};
		579013AF1BC1083400ADAE3E /* LaunchScreen.storyboard */ = {
			isa = PBXVariantGroup;
			children = (
				579013B01BC1083400ADAE3E /* Base */,
			);
			name = LaunchScreen.storyboard;
			sourceTree = "<group>";
		};
/* End PBXVariantGroup section */

/* Begin XCBuildConfiguration section */
		579013B31BC1083400ADAE3E /* Debug */ = {
			isa = XCBuildConfiguration;
			buildSettings = {
				ALWAYS_SEARCH_USER_PATHS = NO;
				CLANG_CXX_LANGUAGE_STANDARD = "gnu++0x";
				CLANG_CXX_LIBRARY = "libc++";
				CLANG_ENABLE_MODULES = YES;
				CLANG_ENABLE_OBJC_ARC = YES;
				CLANG_WARN_BOOL_CONVERSION = YES;
				CLANG_WARN_CONSTANT_CONVERSION = YES;
				CLANG_WARN_DIRECT_OBJC_ISA_USAGE = YES_ERROR;
				CLANG_WARN_EMPTY_BODY = YES;
				CLANG_WARN_ENUM_CONVERSION = YES;
				CLANG_WARN_INT_CONVERSION = YES;
				CLANG_WARN_OBJC_ROOT_CLASS = YES_ERROR;
				CLANG_WARN_UNREACHABLE_CODE = YES;
				CLANG_WARN__DUPLICATE_METHOD_MATCH = YES;
				"CODE_SIGN_IDENTITY[sdk=iphoneos*]" = "iPhone Developer";
				COPY_PHASE_STRIP = NO;
				DEBUG_INFORMATION_FORMAT = "dwarf-with-dsym";
				ENABLE_STRICT_OBJC_MSGSEND = YES;
				ENABLE_TESTABILITY = YES;
				GCC_C_LANGUAGE_STANDARD = gnu99;
				GCC_DYNAMIC_NO_PIC = NO;
				GCC_NO_COMMON_BLOCKS = YES;
				GCC_OPTIMIZATION_LEVEL = 0;
				GCC_PREPROCESSOR_DEFINITIONS = (
					"DEBUG=1",
					"$(inherited)",
				);
				GCC_WARN_64_TO_32_BIT_CONVERSION = YES;
				GCC_WARN_ABOUT_RETURN_TYPE = YES_ERROR;
				GCC_WARN_UNDECLARED_SELECTOR = YES;
				GCC_WARN_UNINITIALIZED_AUTOS = YES_AGGRESSIVE;
				GCC_WARN_UNUSED_FUNCTION = YES;
				GCC_WARN_UNUSED_VARIABLE = YES;
				IPHONEOS_DEPLOYMENT_TARGET = 9.0;
				MTL_ENABLE_DEBUG_INFO = YES;
				ONLY_ACTIVE_ARCH = YES;
				SDKROOT = iphoneos;
				SWIFT_OPTIMIZATION_LEVEL = "-Onone";
				TARGETED_DEVICE_FAMILY = "1,2";
			};
			name = Debug;
		};
		579013B41BC1083400ADAE3E /* Release */ = {
			isa = XCBuildConfiguration;
			buildSettings = {
				ALWAYS_SEARCH_USER_PATHS = NO;
				CLANG_CXX_LANGUAGE_STANDARD = "gnu++0x";
				CLANG_CXX_LIBRARY = "libc++";
				CLANG_ENABLE_MODULES = YES;
				CLANG_ENABLE_OBJC_ARC = YES;
				CLANG_WARN_BOOL_CONVERSION = YES;
				CLANG_WARN_CONSTANT_CONVERSION = YES;
				CLANG_WARN_DIRECT_OBJC_ISA_USAGE = YES_ERROR;
				CLANG_WARN_EMPTY_BODY = YES;
				CLANG_WARN_ENUM_CONVERSION = YES;
				CLANG_WARN_INT_CONVERSION = YES;
				CLANG_WARN_OBJC_ROOT_CLASS = YES_ERROR;
				CLANG_WARN_UNREACHABLE_CODE = YES;
				CLANG_WARN__DUPLICATE_METHOD_MATCH = YES;
				"CODE_SIGN_IDENTITY[sdk=iphoneos*]" = "iPhone Developer";
				COPY_PHASE_STRIP = NO;
				DEBUG_INFORMATION_FORMAT = "dwarf-with-dsym";
				ENABLE_NS_ASSERTIONS = NO;
				ENABLE_STRICT_OBJC_MSGSEND = YES;
				GCC_C_LANGUAGE_STANDARD = gnu99;
				GCC_NO_COMMON_BLOCKS = YES;
				GCC_WARN_64_TO_32_BIT_CONVERSION = YES;
				GCC_WARN_ABOUT_RETURN_TYPE = YES_ERROR;
				GCC_WARN_UNDECLARED_SELECTOR = YES;
				GCC_WARN_UNINITIALIZED_AUTOS = YES_AGGRESSIVE;
				GCC_WARN_UNUSED_FUNCTION = YES;
				GCC_WARN_UNUSED_VARIABLE = YES;
				IPHONEOS_DEPLOYMENT_TARGET = 9.0;
				MTL_ENABLE_DEBUG_INFO = NO;
				SDKROOT = iphoneos;
				TARGETED_DEVICE_FAMILY = "1,2";
				VALIDATE_PRODUCT = YES;
			};
			name = Release;
		};
		579013B61BC1083400ADAE3E /* Debug */ = {
			isa = XCBuildConfiguration;
			baseConfigurationReference = 38FED04CDB28B30F908D55EE /* Pods.debug.xcconfig */;
			buildSettings = {
				ASSETCATALOG_COMPILER_APPICON_NAME = AppIcon;
				CLANG_ENABLE_MODULES = YES;
				FRAMEWORK_SEARCH_PATHS = "$(inherited)";
				INFOPLIST_FILE = "$(SRCROOT)/Icosahedron/Info.plist";
				LD_RUNPATH_SEARCH_PATHS = "$(inherited) @executable_path/Frameworks";
				PRODUCT_BUNDLE_IDENTIFIER = cc.clv.ios.Icosahedron;
				PRODUCT_NAME = Icosahedron;
				SWIFT_INSTALL_OBJC_HEADER = YES;
				SWIFT_OBJC_BRIDGING_HEADER = "";
				SWIFT_OPTIMIZATION_LEVEL = "-Onone";
			};
			name = Debug;
		};
		579013B71BC1083400ADAE3E /* Release */ = {
			isa = XCBuildConfiguration;
			baseConfigurationReference = 4BA79710F87EB83A01083056 /* Pods.release.xcconfig */;
			buildSettings = {
				ASSETCATALOG_COMPILER_APPICON_NAME = AppIcon;
				CLANG_ENABLE_MODULES = YES;
				FRAMEWORK_SEARCH_PATHS = "$(inherited)";
				INFOPLIST_FILE = "$(SRCROOT)/Icosahedron/Info.plist";
				LD_RUNPATH_SEARCH_PATHS = "$(inherited) @executable_path/Frameworks";
				PRODUCT_BUNDLE_IDENTIFIER = cc.clv.ios.Icosahedron;
				PRODUCT_NAME = Icosahedron;
				SWIFT_INSTALL_OBJC_HEADER = YES;
				SWIFT_OBJC_BRIDGING_HEADER = "";
			};
			name = Release;
		};
/* End XCBuildConfiguration section */

/* Begin XCConfigurationList section */
		5790139A1BC1083400ADAE3E /* Build configuration list for PBXProject "Icosahedron" */ = {
			isa = XCConfigurationList;
			buildConfigurations = (
				579013B31BC1083400ADAE3E /* Debug */,
				579013B41BC1083400ADAE3E /* Release */,
			);
			defaultConfigurationIsVisible = 0;
			defaultConfigurationName = Release;
		};
		579013B51BC1083400ADAE3E /* Build configuration list for PBXNativeTarget "Icosahedron" */ = {
			isa = XCConfigurationList;
			buildConfigurations = (
				579013B61BC1083400ADAE3E /* Debug */,
				579013B71BC1083400ADAE3E /* Release */,
			);
			defaultConfigurationIsVisible = 0;
			defaultConfigurationName = Release;
		};
/* End XCConfigurationList section */
	};
	rootObject = 579013971BC1083400ADAE3E /* Project object */;
}
