// !$*UTF8*$!
{
	archiveVersion = 1;
	classes = {
	};
	objectVersion = 46;
	objects = {

/* Begin PBXBuildFile section */
		5708F42A1C5DE50D00ECDE0E /* BackgroundShader.fsh in Resources */ = {isa = PBXBuildFile; fileRef = 5708F4271C5DE50D00ECDE0E /* BackgroundShader.fsh */; };
		5708F42B1C5DE50D00ECDE0E /* BackgroundShaderProgram.swift in Sources */ = {isa = PBXBuildFile; fileRef = 5708F4281C5DE50D00ECDE0E /* BackgroundShaderProgram.swift */; };
		5708F42C1C5DE50D00ECDE0E /* BackgroundShader.vsh in Resources */ = {isa = PBXBuildFile; fileRef = 5708F4291C5DE50D00ECDE0E /* BackgroundShader.vsh */; };
		571416B31C3A9C2A00CF6F7D /* Math.swift in Sources */ = {isa = PBXBuildFile; fileRef = 571416B21C3A9C2A00CF6F7D /* Math.swift */; };
		571B92AE1C68C60400FF9DA3 /* GameScene.swift in Sources */ = {isa = PBXBuildFile; fileRef = 571B92AD1C68C60400FF9DA3 /* GameScene.swift */; };
		571B92B01C68C61800FF9DA3 /* Scene.swift in Sources */ = {isa = PBXBuildFile; fileRef = 571B92AF1C68C61800FF9DA3 /* Scene.swift */; };
		571B92B21C68CB4500FF9DA3 /* SceneSwitcher.swift in Sources */ = {isa = PBXBuildFile; fileRef = 571B92B11C68CB4500FF9DA3 /* SceneSwitcher.swift */; };
		571B92B41C6A1EC800FF9DA3 /* BaseRenderer.swift in Sources */ = {isa = PBXBuildFile; fileRef = 571B92B31C6A1EC800FF9DA3 /* BaseRenderer.swift */; };
		571B92B61C6A2F0900FF9DA3 /* TitleScene.swift in Sources */ = {isa = PBXBuildFile; fileRef = 571B92B51C6A2F0900FF9DA3 /* TitleScene.swift */; };
		571B92B81C6A305D00FF9DA3 /* TitleSceneRenderer.swift in Sources */ = {isa = PBXBuildFile; fileRef = 571B92B71C6A305D00FF9DA3 /* TitleSceneRenderer.swift */; };
		571B92BA1C6A399400FF9DA3 /* TextureSet.swift in Sources */ = {isa = PBXBuildFile; fileRef = 571B92B91C6A399400FF9DA3 /* TextureSet.swift */; };
		571B92BC1C6E487300FF9DA3 /* TitleSceneModelProducer.swift in Sources */ = {isa = PBXBuildFile; fileRef = 571B92BB1C6E487300FF9DA3 /* TitleSceneModelProducer.swift */; };
		571B92BE1C6EF6B300FF9DA3 /* Track.swift in Sources */ = {isa = PBXBuildFile; fileRef = 571B92BD1C6EF6B300FF9DA3 /* Track.swift */; };
		571B92C01C70494100FF9DA3 /* TrackModel.swift in Sources */ = {isa = PBXBuildFile; fileRef = 571B92BF1C70494100FF9DA3 /* TrackModel.swift */; };
		572FCA4E1C3EB3FC00778913 /* FloatingLabelModel.swift in Sources */ = {isa = PBXBuildFile; fileRef = 572FCA4D1C3EB3FC00778913 /* FloatingLabelModel.swift */; };
		572FCA501C45306B00778913 /* SequenceLabelModelGroup.swift in Sources */ = {isa = PBXBuildFile; fileRef = 572FCA4F1C45306B00778913 /* SequenceLabelModelGroup.swift */; };
		572FCA521C45308E00778913 /* FadeOutLabelModel.swift in Sources */ = {isa = PBXBuildFile; fileRef = 572FCA511C45308E00778913 /* FadeOutLabelModel.swift */; };
		572FCA541C47E0DD00778913 /* ParticleShaderProgram.swift in Sources */ = {isa = PBXBuildFile; fileRef = 572FCA531C47E0DD00778913 /* ParticleShaderProgram.swift */; };
		572FCA561C47E31300778913 /* ParticleShader.vsh in Resources */ = {isa = PBXBuildFile; fileRef = 572FCA551C47E31300778913 /* ParticleShader.vsh */; };
		572FCA581C47E31E00778913 /* ParticleShader.fsh in Resources */ = {isa = PBXBuildFile; fileRef = 572FCA571C47E31E00778913 /* ParticleShader.fsh */; };
		572FCA5B1C4A2D6E00778913 /* ParticleEmitter.swift in Sources */ = {isa = PBXBuildFile; fileRef = 572FCA5A1C4A2D6E00778913 /* ParticleEmitter.swift */; };
		572FCA5F1C4A442700778913 /* ParticleVertex.swift in Sources */ = {isa = PBXBuildFile; fileRef = 572FCA5E1C4A442700778913 /* ParticleVertex.swift */; };
		572FCA611C4A59D400778913 /* Particle.swift in Sources */ = {isa = PBXBuildFile; fileRef = 572FCA601C4A59D400778913 /* Particle.swift */; };
		573132351BDCBF5200824EA5 /* ModelShader.fsh in Resources */ = {isa = PBXBuildFile; fileRef = 573132331BDCBF5200824EA5 /* ModelShader.fsh */; };
		573132361BDCBF5200824EA5 /* ModelShader.vsh in Resources */ = {isa = PBXBuildFile; fileRef = 573132341BDCBF5200824EA5 /* ModelShader.vsh */; };
		5746E6141C8DB42700D60C3F /* SymbolDetector.swift in Sources */ = {isa = PBXBuildFile; fileRef = 5746E6131C8DB42700D60C3F /* SymbolDetector.swift */; };
		5746E6151C8DB42700D60C3F /* SymbolDetector.swift in Sources */ = {isa = PBXBuildFile; fileRef = 5746E6131C8DB42700D60C3F /* SymbolDetector.swift */; };
		5746E6181C8DB55300D60C3F /* SymbolDetectorTests.swift in Sources */ = {isa = PBXBuildFile; fileRef = 5746E6161C8DB55300D60C3F /* SymbolDetectorTests.swift */; };
		5746E6191C8DB5A200D60C3F /* Icosahedron.swift in Sources */ = {isa = PBXBuildFile; fileRef = 579AD5F51C01EE0500218D38 /* Icosahedron.swift */; };
		5746E61A1C8DB5AF00D60C3F /* Track.swift in Sources */ = {isa = PBXBuildFile; fileRef = 571B92BD1C6EF6B300FF9DA3 /* Track.swift */; };
		5746E61B1C8DB5B700D60C3F /* World.swift in Sources */ = {isa = PBXBuildFile; fileRef = 579AD5F31C01ECA100218D38 /* World.swift */; };
		5746E61C1C8DB61800D60C3F /* RxSwift.framework in Frameworks */ = {isa = PBXBuildFile; fileRef = 57F5FB441C33BC2B00817824 /* RxSwift.framework */; };
		5746E61D1C8DB62C00D60C3F /* Item.swift in Sources */ = {isa = PBXBuildFile; fileRef = 579AD6081C01F35300218D38 /* Item.swift */; };
		5756BE7E1C5908AB007F163B /* CanvasShaderProgram.swift in Sources */ = {isa = PBXBuildFile; fileRef = 5756BE7D1C5908AB007F163B /* CanvasShaderProgram.swift */; };
		5756BE801C5908C8007F163B /* CanvasShader.vsh in Resources */ = {isa = PBXBuildFile; fileRef = 5756BE7F1C5908C8007F163B /* CanvasShader.vsh */; };
		5756BE821C5908D4007F163B /* CanvasShader.fsh in Resources */ = {isa = PBXBuildFile; fileRef = 5756BE811C5908D4007F163B /* CanvasShader.fsh */; };
		5756BE841C590ACB007F163B /* CanvasModel.swift in Sources */ = {isa = PBXBuildFile; fileRef = 5756BE831C590ACB007F163B /* CanvasModel.swift */; };
		5771700D1C4D1886008C35A2 /* SphereModel.swift in Sources */ = {isa = PBXBuildFile; fileRef = 5771700C1C4D1886008C35A2 /* SphereModel.swift */; };
		5771700F1C4E7F50008C35A2 /* RenderablePolygon.swift in Sources */ = {isa = PBXBuildFile; fileRef = 5771700E1C4E7F50008C35A2 /* RenderablePolygon.swift */; };
		577600571C90650300A0E830 /* TrackTests.swift in Sources */ = {isa = PBXBuildFile; fileRef = 577600561C90650300A0E830 /* TrackTests.swift */; };
		5778A5481C25382B0019FF99 /* UIShaderProgram.swift in Sources */ = {isa = PBXBuildFile; fileRef = 5778A5471C25382B0019FF99 /* UIShaderProgram.swift */; };
		5778A54A1C25384F0019FF99 /* UIShader.fsh in Resources */ = {isa = PBXBuildFile; fileRef = 5778A5491C25384F0019FF99 /* UIShader.fsh */; };
		5778A54C1C25385B0019FF99 /* UIShader.vsh in Resources */ = {isa = PBXBuildFile; fileRef = 5778A54B1C25385B0019FF99 /* UIShader.vsh */; };
		5778A5781C2A588B0019FF99 /* RendererSupport.swift in Sources */ = {isa = PBXBuildFile; fileRef = 5778A5771C2A588B0019FF99 /* RendererSupport.swift */; };
		579013A31BC1083400ADAE3E /* AppDelegate.swift in Sources */ = {isa = PBXBuildFile; fileRef = 579013A21BC1083400ADAE3E /* AppDelegate.swift */; };
		579013AC1BC1083400ADAE3E /* Main.storyboard in Resources */ = {isa = PBXBuildFile; fileRef = 579013AA1BC1083400ADAE3E /* Main.storyboard */; };
		579013AE1BC1083400ADAE3E /* Assets.xcassets in Resources */ = {isa = PBXBuildFile; fileRef = 579013AD1BC1083400ADAE3E /* Assets.xcassets */; };
		579013B11BC1083400ADAE3E /* LaunchScreen.storyboard in Resources */ = {isa = PBXBuildFile; fileRef = 579013AF1BC1083400ADAE3E /* LaunchScreen.storyboard */; };
		579AD5F41C01ECA100218D38 /* World.swift in Sources */ = {isa = PBXBuildFile; fileRef = 579AD5F31C01ECA100218D38 /* World.swift */; };
		579AD5F61C01EE0500218D38 /* Icosahedron.swift in Sources */ = {isa = PBXBuildFile; fileRef = 579AD5F51C01EE0500218D38 /* Icosahedron.swift */; };
		579AD6011C01EEB900218D38 /* IcosahedronModel.swift in Sources */ = {isa = PBXBuildFile; fileRef = 579AD5F91C01EEB900218D38 /* IcosahedronModel.swift */; };
		579AD6021C01EEB900218D38 /* IcosahedronVertex.swift in Sources */ = {isa = PBXBuildFile; fileRef = 579AD5FA1C01EEB900218D38 /* IcosahedronVertex.swift */; };
		579AD6031C01EEB900218D38 /* ItemModel.swift in Sources */ = {isa = PBXBuildFile; fileRef = 579AD5FB1C01EEB900218D38 /* ItemModel.swift */; };
		579AD6041C01EEB900218D38 /* MarkerModel.swift in Sources */ = {isa = PBXBuildFile; fileRef = 579AD5FC1C01EEB900218D38 /* MarkerModel.swift */; };
		579AD6051C01EEB900218D38 /* ModelVertex.swift in Sources */ = {isa = PBXBuildFile; fileRef = 579AD5FD1C01EEB900218D38 /* ModelVertex.swift */; };
		579AD6061C01EEB900218D38 /* Renderable.swift in Sources */ = {isa = PBXBuildFile; fileRef = 579AD5FE1C01EEB900218D38 /* Renderable.swift */; };
		579AD6071C01EEB900218D38 /* TetrahedronModel.swift in Sources */ = {isa = PBXBuildFile; fileRef = 579AD5FF1C01EEB900218D38 /* TetrahedronModel.swift */; };
		579AD6091C01F35300218D38 /* Item.swift in Sources */ = {isa = PBXBuildFile; fileRef = 579AD6081C01F35300218D38 /* Item.swift */; };
		579AD60C1C02F92700218D38 /* MotherIcosahedronModel.swift in Sources */ = {isa = PBXBuildFile; fileRef = 579AD60B1C02F92700218D38 /* MotherIcosahedronModel.swift */; };
		57C31EA91C3E8EDE00DAFCCE /* GameSceneModelProducer.swift in Sources */ = {isa = PBXBuildFile; fileRef = 57C31EA81C3E8EDE00DAFCCE /* GameSceneModelProducer.swift */; };
		57C58F071C1F18B600840B56 /* GaugeModel.swift in Sources */ = {isa = PBXBuildFile; fileRef = 57C58F061C1F18B600840B56 /* GaugeModel.swift */; };
		57D866C31BEE3AA30034DEDE /* GameViewController.swift in Sources */ = {isa = PBXBuildFile; fileRef = 57D866C21BEE3AA30034DEDE /* GameViewController.swift */; };
		57D866C51BEF66F90034DEDE /* GameSceneRenderer.swift in Sources */ = {isa = PBXBuildFile; fileRef = 57D866C41BEF66F90034DEDE /* GameSceneRenderer.swift */; };
		57D866CB1BF2ED5E0034DEDE /* ShaderProgram.swift in Sources */ = {isa = PBXBuildFile; fileRef = 57D866CA1BF2ED5E0034DEDE /* ShaderProgram.swift */; };
		57D866CD1BF2EF0C0034DEDE /* ModelShaderProgram.swift in Sources */ = {isa = PBXBuildFile; fileRef = 57D866CC1BF2EF0C0034DEDE /* ModelShaderProgram.swift */; };
		57DC980C1C1325C90004B107 /* FontData.swift in Sources */ = {isa = PBXBuildFile; fileRef = 57DC980B1C1325C90004B107 /* FontData.swift */; };
		57DC980E1C141A350004B107 /* LabelModel.swift in Sources */ = {isa = PBXBuildFile; fileRef = 57DC980D1C141A350004B107 /* LabelModel.swift */; };
		57DDC9501BD7D173009423EA /* GLKit.framework in Frameworks */ = {isa = PBXBuildFile; fileRef = 57DDC94F1BD7D173009423EA /* GLKit.framework */; };
		57E2FA151C0AB8A900DF1796 /* UIColorExtensions.swift in Sources */ = {isa = PBXBuildFile; fileRef = 57E2FA141C0AB8A900DF1796 /* UIColorExtensions.swift */; };
		57F5FB621C33BCD600817824 /* Himotoki.framework in Frameworks */ = {isa = PBXBuildFile; fileRef = 57F5FB411C33BC2B00817824 /* Himotoki.framework */; };
		57F5FB641C33BCD600817824 /* RxCocoa.framework in Frameworks */ = {isa = PBXBuildFile; fileRef = 57F5FB431C33BC2B00817824 /* RxCocoa.framework */; };
		57F5FB651C33BCD600817824 /* RxSwift.framework in Frameworks */ = {isa = PBXBuildFile; fileRef = 57F5FB441C33BC2B00817824 /* RxSwift.framework */; };
		57F5FB6E1C33BDE300817824 /* Himotoki.framework.dSYM in Carthage Copy dSYMs */ = {isa = PBXBuildFile; fileRef = 57F5FB691C33BDE300817824 /* Himotoki.framework.dSYM */; };
		57F5FB701C33BDE300817824 /* RxCocoa.framework.dSYM in Carthage Copy dSYMs */ = {isa = PBXBuildFile; fileRef = 57F5FB6B1C33BDE300817824 /* RxCocoa.framework.dSYM */; };
		57F5FB711C33BDE300817824 /* RxSwift.framework.dSYM in Carthage Copy dSYMs */ = {isa = PBXBuildFile; fileRef = 57F5FB6C1C33BDE300817824 /* RxSwift.framework.dSYM */; };
		57F5FB731C34150A00817824 /* VectorExtensions.swift in Sources */ = {isa = PBXBuildFile; fileRef = 57F5FB721C34150A00817824 /* VectorExtensions.swift */; };
		57F5FB751C34DC1E00817824 /* OctahedronModel.swift in Sources */ = {isa = PBXBuildFile; fileRef = 57F5FB741C34DC1E00817824 /* OctahedronModel.swift */; };
		57F5FB771C36702700817824 /* LevelLabelModel.swift in Sources */ = {isa = PBXBuildFile; fileRef = 57F5FB761C36702600817824 /* LevelLabelModel.swift */; };
/* End PBXBuildFile section */

/* Begin PBXContainerItemProxy section */
		5746E60E1C8DB30400D60C3F /* PBXContainerItemProxy */ = {
			isa = PBXContainerItemProxy;
			containerPortal = 579013971BC1083400ADAE3E /* Project object */;
			proxyType = 1;
			remoteGlobalIDString = 5790139E1BC1083400ADAE3E;
			remoteInfo = Icosahedron;
		};
/* End PBXContainerItemProxy section */

/* Begin PBXCopyFilesBuildPhase section */
		57F5FB671C33BD9000817824 /* Carthage Copy dSYMs */ = {
			isa = PBXCopyFilesBuildPhase;
			buildActionMask = 2147483647;
			dstPath = "";
			dstSubfolderSpec = 16;
			files = (
				57F5FB6E1C33BDE300817824 /* Himotoki.framework.dSYM in Carthage Copy dSYMs */,
				57F5FB701C33BDE300817824 /* RxCocoa.framework.dSYM in Carthage Copy dSYMs */,
				57F5FB711C33BDE300817824 /* RxSwift.framework.dSYM in Carthage Copy dSYMs */,
			);
			name = "Carthage Copy dSYMs";
			runOnlyForDeploymentPostprocessing = 0;
		};
/* End PBXCopyFilesBuildPhase section */

/* Begin PBXFileReference section */
		5708F4271C5DE50D00ECDE0E /* BackgroundShader.fsh */ = {isa = PBXFileReference; fileEncoding = 4; lastKnownFileType = sourcecode.glsl; path = BackgroundShader.fsh; sourceTree = "<group>"; };
		5708F4281C5DE50D00ECDE0E /* BackgroundShaderProgram.swift */ = {isa = PBXFileReference; fileEncoding = 4; lastKnownFileType = sourcecode.swift; path = BackgroundShaderProgram.swift; sourceTree = "<group>"; };
		5708F4291C5DE50D00ECDE0E /* BackgroundShader.vsh */ = {isa = PBXFileReference; fileEncoding = 4; lastKnownFileType = sourcecode.glsl; path = BackgroundShader.vsh; sourceTree = "<group>"; };
		571416B21C3A9C2A00CF6F7D /* Math.swift */ = {isa = PBXFileReference; fileEncoding = 4; lastKnownFileType = sourcecode.swift; path = Math.swift; sourceTree = "<group>"; };
		571B92AD1C68C60400FF9DA3 /* GameScene.swift */ = {isa = PBXFileReference; fileEncoding = 4; lastKnownFileType = sourcecode.swift; path = GameScene.swift; sourceTree = "<group>"; };
		571B92AF1C68C61800FF9DA3 /* Scene.swift */ = {isa = PBXFileReference; fileEncoding = 4; lastKnownFileType = sourcecode.swift; path = Scene.swift; sourceTree = "<group>"; };
		571B92B11C68CB4500FF9DA3 /* SceneSwitcher.swift */ = {isa = PBXFileReference; fileEncoding = 4; lastKnownFileType = sourcecode.swift; path = SceneSwitcher.swift; sourceTree = "<group>"; };
		571B92B31C6A1EC800FF9DA3 /* BaseRenderer.swift */ = {isa = PBXFileReference; fileEncoding = 4; lastKnownFileType = sourcecode.swift; path = BaseRenderer.swift; sourceTree = "<group>"; };
		571B92B51C6A2F0900FF9DA3 /* TitleScene.swift */ = {isa = PBXFileReference; fileEncoding = 4; lastKnownFileType = sourcecode.swift; path = TitleScene.swift; sourceTree = "<group>"; };
		571B92B71C6A305D00FF9DA3 /* TitleSceneRenderer.swift */ = {isa = PBXFileReference; fileEncoding = 4; lastKnownFileType = sourcecode.swift; path = TitleSceneRenderer.swift; sourceTree = "<group>"; };
		571B92B91C6A399400FF9DA3 /* TextureSet.swift */ = {isa = PBXFileReference; fileEncoding = 4; lastKnownFileType = sourcecode.swift; path = TextureSet.swift; sourceTree = "<group>"; };
		571B92BB1C6E487300FF9DA3 /* TitleSceneModelProducer.swift */ = {isa = PBXFileReference; fileEncoding = 4; lastKnownFileType = sourcecode.swift; path = TitleSceneModelProducer.swift; sourceTree = "<group>"; };
		571B92BD1C6EF6B300FF9DA3 /* Track.swift */ = {isa = PBXFileReference; fileEncoding = 4; lastKnownFileType = sourcecode.swift; path = Track.swift; sourceTree = "<group>"; };
		571B92BF1C70494100FF9DA3 /* TrackModel.swift */ = {isa = PBXFileReference; fileEncoding = 4; lastKnownFileType = sourcecode.swift; path = TrackModel.swift; sourceTree = "<group>"; };
		572FCA4D1C3EB3FC00778913 /* FloatingLabelModel.swift */ = {isa = PBXFileReference; fileEncoding = 4; lastKnownFileType = sourcecode.swift; path = FloatingLabelModel.swift; sourceTree = "<group>"; };
		572FCA4F1C45306B00778913 /* SequenceLabelModelGroup.swift */ = {isa = PBXFileReference; fileEncoding = 4; lastKnownFileType = sourcecode.swift; path = SequenceLabelModelGroup.swift; sourceTree = "<group>"; };
		572FCA511C45308E00778913 /* FadeOutLabelModel.swift */ = {isa = PBXFileReference; fileEncoding = 4; lastKnownFileType = sourcecode.swift; path = FadeOutLabelModel.swift; sourceTree = "<group>"; };
		572FCA531C47E0DD00778913 /* ParticleShaderProgram.swift */ = {isa = PBXFileReference; fileEncoding = 4; lastKnownFileType = sourcecode.swift; path = ParticleShaderProgram.swift; sourceTree = "<group>"; };
		572FCA551C47E31300778913 /* ParticleShader.vsh */ = {isa = PBXFileReference; fileEncoding = 4; lastKnownFileType = sourcecode.glsl; path = ParticleShader.vsh; sourceTree = "<group>"; };
		572FCA571C47E31E00778913 /* ParticleShader.fsh */ = {isa = PBXFileReference; fileEncoding = 4; lastKnownFileType = sourcecode.glsl; path = ParticleShader.fsh; sourceTree = "<group>"; };
		572FCA5A1C4A2D6E00778913 /* ParticleEmitter.swift */ = {isa = PBXFileReference; fileEncoding = 4; lastKnownFileType = sourcecode.swift; path = ParticleEmitter.swift; sourceTree = "<group>"; };
		572FCA5E1C4A442700778913 /* ParticleVertex.swift */ = {isa = PBXFileReference; fileEncoding = 4; lastKnownFileType = sourcecode.swift; path = ParticleVertex.swift; sourceTree = "<group>"; };
		572FCA601C4A59D400778913 /* Particle.swift */ = {isa = PBXFileReference; fileEncoding = 4; lastKnownFileType = sourcecode.swift; path = Particle.swift; sourceTree = "<group>"; };
		573132331BDCBF5200824EA5 /* ModelShader.fsh */ = {isa = PBXFileReference; fileEncoding = 4; lastKnownFileType = sourcecode.glsl; path = ModelShader.fsh; sourceTree = "<group>"; };
		573132341BDCBF5200824EA5 /* ModelShader.vsh */ = {isa = PBXFileReference; fileEncoding = 4; lastKnownFileType = sourcecode.glsl; path = ModelShader.vsh; sourceTree = "<group>"; };
		5746E6091C8DB30400D60C3F /* IcosahedronTests.xctest */ = {isa = PBXFileReference; explicitFileType = wrapper.cfbundle; includeInIndex = 0; path = IcosahedronTests.xctest; sourceTree = BUILT_PRODUCTS_DIR; };
		5746E60D1C8DB30400D60C3F /* Info.plist */ = {isa = PBXFileReference; lastKnownFileType = text.plist.xml; path = Info.plist; sourceTree = "<group>"; };
		5746E6131C8DB42700D60C3F /* SymbolDetector.swift */ = {isa = PBXFileReference; fileEncoding = 4; lastKnownFileType = sourcecode.swift; path = SymbolDetector.swift; sourceTree = "<group>"; };
		5746E6161C8DB55300D60C3F /* SymbolDetectorTests.swift */ = {isa = PBXFileReference; fileEncoding = 4; lastKnownFileType = sourcecode.swift; path = SymbolDetectorTests.swift; sourceTree = "<group>"; };
		5756BE7D1C5908AB007F163B /* CanvasShaderProgram.swift */ = {isa = PBXFileReference; fileEncoding = 4; lastKnownFileType = sourcecode.swift; path = CanvasShaderProgram.swift; sourceTree = "<group>"; };
		5756BE7F1C5908C8007F163B /* CanvasShader.vsh */ = {isa = PBXFileReference; fileEncoding = 4; lastKnownFileType = sourcecode.glsl; path = CanvasShader.vsh; sourceTree = "<group>"; };
		5756BE811C5908D4007F163B /* CanvasShader.fsh */ = {isa = PBXFileReference; fileEncoding = 4; lastKnownFileType = sourcecode.glsl; path = CanvasShader.fsh; sourceTree = "<group>"; };
		5756BE831C590ACB007F163B /* CanvasModel.swift */ = {isa = PBXFileReference; fileEncoding = 4; lastKnownFileType = sourcecode.swift; path = CanvasModel.swift; sourceTree = "<group>"; };
		5771700C1C4D1886008C35A2 /* SphereModel.swift */ = {isa = PBXFileReference; fileEncoding = 4; lastKnownFileType = sourcecode.swift; path = SphereModel.swift; sourceTree = "<group>"; };
		5771700E1C4E7F50008C35A2 /* RenderablePolygon.swift */ = {isa = PBXFileReference; fileEncoding = 4; lastKnownFileType = sourcecode.swift; path = RenderablePolygon.swift; sourceTree = "<group>"; };
		577600561C90650300A0E830 /* TrackTests.swift */ = {isa = PBXFileReference; fileEncoding = 4; lastKnownFileType = sourcecode.swift; path = TrackTests.swift; sourceTree = "<group>"; };
		5778A5471C25382B0019FF99 /* UIShaderProgram.swift */ = {isa = PBXFileReference; fileEncoding = 4; lastKnownFileType = sourcecode.swift; path = UIShaderProgram.swift; sourceTree = "<group>"; };
		5778A5491C25384F0019FF99 /* UIShader.fsh */ = {isa = PBXFileReference; fileEncoding = 4; lastKnownFileType = sourcecode.glsl; path = UIShader.fsh; sourceTree = "<group>"; };
		5778A54B1C25385B0019FF99 /* UIShader.vsh */ = {isa = PBXFileReference; fileEncoding = 4; lastKnownFileType = sourcecode.glsl; path = UIShader.vsh; sourceTree = "<group>"; };
		5778A5771C2A588B0019FF99 /* RendererSupport.swift */ = {isa = PBXFileReference; fileEncoding = 4; lastKnownFileType = sourcecode.swift; path = RendererSupport.swift; sourceTree = "<group>"; };
		5790139F1BC1083400ADAE3E /* Icosahedron.app */ = {isa = PBXFileReference; explicitFileType = wrapper.application; includeInIndex = 0; path = Icosahedron.app; sourceTree = BUILT_PRODUCTS_DIR; };
		579013A21BC1083400ADAE3E /* AppDelegate.swift */ = {isa = PBXFileReference; lastKnownFileType = sourcecode.swift; path = AppDelegate.swift; sourceTree = "<group>"; };
		579013AB1BC1083400ADAE3E /* Base */ = {isa = PBXFileReference; lastKnownFileType = file.storyboard; name = Base; path = Base.lproj/Main.storyboard; sourceTree = "<group>"; };
		579013AD1BC1083400ADAE3E /* Assets.xcassets */ = {isa = PBXFileReference; lastKnownFileType = folder.assetcatalog; path = Assets.xcassets; sourceTree = "<group>"; };
		579013B01BC1083400ADAE3E /* Base */ = {isa = PBXFileReference; lastKnownFileType = file.storyboard; name = Base; path = Base.lproj/LaunchScreen.storyboard; sourceTree = "<group>"; };
		579013B21BC1083400ADAE3E /* Info.plist */ = {isa = PBXFileReference; lastKnownFileType = text.plist.xml; path = Info.plist; sourceTree = "<group>"; };
		579AD5F31C01ECA100218D38 /* World.swift */ = {isa = PBXFileReference; fileEncoding = 4; lastKnownFileType = sourcecode.swift; path = World.swift; sourceTree = "<group>"; };
		579AD5F51C01EE0500218D38 /* Icosahedron.swift */ = {isa = PBXFileReference; fileEncoding = 4; lastKnownFileType = sourcecode.swift; path = Icosahedron.swift; sourceTree = "<group>"; };
		579AD5F91C01EEB900218D38 /* IcosahedronModel.swift */ = {isa = PBXFileReference; fileEncoding = 4; lastKnownFileType = sourcecode.swift; path = IcosahedronModel.swift; sourceTree = "<group>"; };
		579AD5FA1C01EEB900218D38 /* IcosahedronVertex.swift */ = {isa = PBXFileReference; fileEncoding = 4; lastKnownFileType = sourcecode.swift; path = IcosahedronVertex.swift; sourceTree = "<group>"; };
		579AD5FB1C01EEB900218D38 /* ItemModel.swift */ = {isa = PBXFileReference; fileEncoding = 4; lastKnownFileType = sourcecode.swift; path = ItemModel.swift; sourceTree = "<group>"; };
		579AD5FC1C01EEB900218D38 /* MarkerModel.swift */ = {isa = PBXFileReference; fileEncoding = 4; lastKnownFileType = sourcecode.swift; path = MarkerModel.swift; sourceTree = "<group>"; };
		579AD5FD1C01EEB900218D38 /* ModelVertex.swift */ = {isa = PBXFileReference; fileEncoding = 4; lastKnownFileType = sourcecode.swift; path = ModelVertex.swift; sourceTree = "<group>"; };
		579AD5FE1C01EEB900218D38 /* Renderable.swift */ = {isa = PBXFileReference; fileEncoding = 4; lastKnownFileType = sourcecode.swift; path = Renderable.swift; sourceTree = "<group>"; };
		579AD5FF1C01EEB900218D38 /* TetrahedronModel.swift */ = {isa = PBXFileReference; fileEncoding = 4; lastKnownFileType = sourcecode.swift; path = TetrahedronModel.swift; sourceTree = "<group>"; };
		579AD6081C01F35300218D38 /* Item.swift */ = {isa = PBXFileReference; fileEncoding = 4; lastKnownFileType = sourcecode.swift; path = Item.swift; sourceTree = "<group>"; };
		579AD60B1C02F92700218D38 /* MotherIcosahedronModel.swift */ = {isa = PBXFileReference; fileEncoding = 4; lastKnownFileType = sourcecode.swift; path = MotherIcosahedronModel.swift; sourceTree = "<group>"; };
		57C31EA81C3E8EDE00DAFCCE /* GameSceneModelProducer.swift */ = {isa = PBXFileReference; fileEncoding = 4; lastKnownFileType = sourcecode.swift; path = GameSceneModelProducer.swift; sourceTree = "<group>"; };
		57C58F061C1F18B600840B56 /* GaugeModel.swift */ = {isa = PBXFileReference; fileEncoding = 4; lastKnownFileType = sourcecode.swift; path = GaugeModel.swift; sourceTree = "<group>"; };
		57D866C21BEE3AA30034DEDE /* GameViewController.swift */ = {isa = PBXFileReference; fileEncoding = 4; lastKnownFileType = sourcecode.swift; path = GameViewController.swift; sourceTree = "<group>"; };
		57D866C41BEF66F90034DEDE /* GameSceneRenderer.swift */ = {isa = PBXFileReference; fileEncoding = 4; lastKnownFileType = sourcecode.swift; path = GameSceneRenderer.swift; sourceTree = "<group>"; };
		57D866CA1BF2ED5E0034DEDE /* ShaderProgram.swift */ = {isa = PBXFileReference; fileEncoding = 4; lastKnownFileType = sourcecode.swift; path = ShaderProgram.swift; sourceTree = "<group>"; };
		57D866CC1BF2EF0C0034DEDE /* ModelShaderProgram.swift */ = {isa = PBXFileReference; fileEncoding = 4; lastKnownFileType = sourcecode.swift; path = ModelShaderProgram.swift; sourceTree = "<group>"; };
		57DC980B1C1325C90004B107 /* FontData.swift */ = {isa = PBXFileReference; fileEncoding = 4; lastKnownFileType = sourcecode.swift; path = FontData.swift; sourceTree = "<group>"; };
		57DC980D1C141A350004B107 /* LabelModel.swift */ = {isa = PBXFileReference; fileEncoding = 4; lastKnownFileType = sourcecode.swift; path = LabelModel.swift; sourceTree = "<group>"; };
		57DDC94F1BD7D173009423EA /* GLKit.framework */ = {isa = PBXFileReference; lastKnownFileType = wrapper.framework; name = GLKit.framework; path = System/Library/Frameworks/GLKit.framework; sourceTree = SDKROOT; };
		57E2FA141C0AB8A900DF1796 /* UIColorExtensions.swift */ = {isa = PBXFileReference; fileEncoding = 4; lastKnownFileType = sourcecode.swift; path = UIColorExtensions.swift; sourceTree = "<group>"; };
		57F5FB411C33BC2B00817824 /* Himotoki.framework */ = {isa = PBXFileReference; lastKnownFileType = wrapper.framework; name = Himotoki.framework; path = Carthage/Build/iOS/Himotoki.framework; sourceTree = "<group>"; };
		57F5FB431C33BC2B00817824 /* RxCocoa.framework */ = {isa = PBXFileReference; lastKnownFileType = wrapper.framework; name = RxCocoa.framework; path = Carthage/Build/iOS/RxCocoa.framework; sourceTree = "<group>"; };
		57F5FB441C33BC2B00817824 /* RxSwift.framework */ = {isa = PBXFileReference; lastKnownFileType = wrapper.framework; name = RxSwift.framework; path = Carthage/Build/iOS/RxSwift.framework; sourceTree = "<group>"; };
		57F5FB691C33BDE300817824 /* Himotoki.framework.dSYM */ = {isa = PBXFileReference; lastKnownFileType = wrapper.dsym; name = Himotoki.framework.dSYM; path = Carthage/Build/iOS/Himotoki.framework.dSYM; sourceTree = "<group>"; };
		57F5FB6B1C33BDE300817824 /* RxCocoa.framework.dSYM */ = {isa = PBXFileReference; lastKnownFileType = wrapper.dsym; name = RxCocoa.framework.dSYM; path = Carthage/Build/iOS/RxCocoa.framework.dSYM; sourceTree = "<group>"; };
		57F5FB6C1C33BDE300817824 /* RxSwift.framework.dSYM */ = {isa = PBXFileReference; lastKnownFileType = wrapper.dsym; name = RxSwift.framework.dSYM; path = Carthage/Build/iOS/RxSwift.framework.dSYM; sourceTree = "<group>"; };
		57F5FB721C34150A00817824 /* VectorExtensions.swift */ = {isa = PBXFileReference; fileEncoding = 4; lastKnownFileType = sourcecode.swift; path = VectorExtensions.swift; sourceTree = "<group>"; };
		57F5FB741C34DC1E00817824 /* OctahedronModel.swift */ = {isa = PBXFileReference; fileEncoding = 4; lastKnownFileType = sourcecode.swift; path = OctahedronModel.swift; sourceTree = "<group>"; };
		57F5FB761C36702600817824 /* LevelLabelModel.swift */ = {isa = PBXFileReference; fileEncoding = 4; lastKnownFileType = sourcecode.swift; path = LevelLabelModel.swift; sourceTree = "<group>"; };
/* End PBXFileReference section */

/* Begin PBXFrameworksBuildPhase section */
		5746E6061C8DB30400D60C3F /* Frameworks */ = {
			isa = PBXFrameworksBuildPhase;
			buildActionMask = 2147483647;
			files = (
				5746E61C1C8DB61800D60C3F /* RxSwift.framework in Frameworks */,
			);
			runOnlyForDeploymentPostprocessing = 0;
		};
		5790139C1BC1083400ADAE3E /* Frameworks */ = {
			isa = PBXFrameworksBuildPhase;
			buildActionMask = 2147483647;
			files = (
				57F5FB621C33BCD600817824 /* Himotoki.framework in Frameworks */,
				57F5FB641C33BCD600817824 /* RxCocoa.framework in Frameworks */,
				57F5FB651C33BCD600817824 /* RxSwift.framework in Frameworks */,
				57DDC9501BD7D173009423EA /* GLKit.framework in Frameworks */,
			);
			runOnlyForDeploymentPostprocessing = 0;
		};
/* End PBXFrameworksBuildPhase section */

/* Begin PBXGroup section */
		572FCA591C4A2D3000778913 /* Particle */ = {
			isa = PBXGroup;
			children = (
				572FCA5A1C4A2D6E00778913 /* ParticleEmitter.swift */,
				572FCA5E1C4A442700778913 /* ParticleVertex.swift */,
				572FCA601C4A59D400778913 /* Particle.swift */,
			);
			path = Particle;
			sourceTree = "<group>";
		};
		573132321BDCBF3200824EA5 /* Shader */ = {
			isa = PBXGroup;
			children = (
				57D866CA1BF2ED5E0034DEDE /* ShaderProgram.swift */,
				5708F4271C5DE50D00ECDE0E /* BackgroundShader.fsh */,
				5708F4281C5DE50D00ECDE0E /* BackgroundShaderProgram.swift */,
				5708F4291C5DE50D00ECDE0E /* BackgroundShader.vsh */,
				57D866CC1BF2EF0C0034DEDE /* ModelShaderProgram.swift */,
				573132331BDCBF5200824EA5 /* ModelShader.fsh */,
				573132341BDCBF5200824EA5 /* ModelShader.vsh */,
				5778A5471C25382B0019FF99 /* UIShaderProgram.swift */,
				5778A5491C25384F0019FF99 /* UIShader.fsh */,
				5778A54B1C25385B0019FF99 /* UIShader.vsh */,
				572FCA531C47E0DD00778913 /* ParticleShaderProgram.swift */,
				572FCA571C47E31E00778913 /* ParticleShader.fsh */,
				572FCA551C47E31300778913 /* ParticleShader.vsh */,
				5756BE7D1C5908AB007F163B /* CanvasShaderProgram.swift */,
				5756BE811C5908D4007F163B /* CanvasShader.fsh */,
				5756BE7F1C5908C8007F163B /* CanvasShader.vsh */,
			);
			path = Shader;
			sourceTree = "<group>";
		};
		5746E60A1C8DB30400D60C3F /* IcosahedronTests */ = {
			isa = PBXGroup;
			children = (
				5746E60D1C8DB30400D60C3F /* Info.plist */,
				5746E6161C8DB55300D60C3F /* SymbolDetectorTests.swift */,
				577600561C90650300A0E830 /* TrackTests.swift */,
			);
			path = IcosahedronTests;
			sourceTree = "<group>";
		};
		579013961BC1083400ADAE3E = {
			isa = PBXGroup;
			children = (
				579013A11BC1083400ADAE3E /* Icosahedron */,
				5746E60A1C8DB30400D60C3F /* IcosahedronTests */,
				579013A01BC1083400ADAE3E /* Products */,
				F753C31B6DC8F86ABE5A2331 /* Frameworks */,
			);
			sourceTree = "<group>";
		};
		579013A01BC1083400ADAE3E /* Products */ = {
			isa = PBXGroup;
			children = (
				5790139F1BC1083400ADAE3E /* Icosahedron.app */,
				5746E6091C8DB30400D60C3F /* IcosahedronTests.xctest */,
			);
			name = Products;
			sourceTree = "<group>";
		};
		579013A11BC1083400ADAE3E /* Icosahedron */ = {
			isa = PBXGroup;
			children = (
				57C31EAA1C3E946500DAFCCE /* Scene */,
				57E2FA131C0AB86500DF1796 /* Utility */,
				579AD5F71C01EE1100218D38 /* Model */,
				572FCA591C4A2D3000778913 /* Particle */,
				573132321BDCBF3200824EA5 /* Shader */,
				57DDC9531BDB2E70009423EA /* Entity */,
				579013A21BC1083400ADAE3E /* AppDelegate.swift */,
				57D866C21BEE3AA30034DEDE /* GameViewController.swift */,
				579013AA1BC1083400ADAE3E /* Main.storyboard */,
				579013AF1BC1083400ADAE3E /* LaunchScreen.storyboard */,
				579013AD1BC1083400ADAE3E /* Assets.xcassets */,
				579013B21BC1083400ADAE3E /* Info.plist */,
				571B92B91C6A399400FF9DA3 /* TextureSet.swift */,
			);
			path = Icosahedron;
			sourceTree = "<group>";
		};
		579AD5F71C01EE1100218D38 /* Model */ = {
			isa = PBXGroup;
			children = (
				579AD5FE1C01EEB900218D38 /* Renderable.swift */,
				5771700E1C4E7F50008C35A2 /* RenderablePolygon.swift */,
				579AD5FD1C01EEB900218D38 /* ModelVertex.swift */,
				579AD5FA1C01EEB900218D38 /* IcosahedronVertex.swift */,
				579AD60A1C02F8CE00218D38 /* BaseModel */,
				579AD5FB1C01EEB900218D38 /* ItemModel.swift */,
				579AD5FC1C01EEB900218D38 /* MarkerModel.swift */,
				579AD60B1C02F92700218D38 /* MotherIcosahedronModel.swift */,
				57F5FB761C36702600817824 /* LevelLabelModel.swift */,
				572FCA4F1C45306B00778913 /* SequenceLabelModelGroup.swift */,
				572FCA511C45308E00778913 /* FadeOutLabelModel.swift */,
				5771700C1C4D1886008C35A2 /* SphereModel.swift */,
				5756BE831C590ACB007F163B /* CanvasModel.swift */,
				571B92BF1C70494100FF9DA3 /* TrackModel.swift */,
			);
			path = Model;
			sourceTree = "<group>";
		};
		579AD60A1C02F8CE00218D38 /* BaseModel */ = {
			isa = PBXGroup;
			children = (
				579AD5F91C01EEB900218D38 /* IcosahedronModel.swift */,
				579AD5FF1C01EEB900218D38 /* TetrahedronModel.swift */,
				57DC980D1C141A350004B107 /* LabelModel.swift */,
				57C58F061C1F18B600840B56 /* GaugeModel.swift */,
				57F5FB741C34DC1E00817824 /* OctahedronModel.swift */,
				572FCA4D1C3EB3FC00778913 /* FloatingLabelModel.swift */,
			);
			name = BaseModel;
			sourceTree = "<group>";
		};
		57C31EAA1C3E946500DAFCCE /* Scene */ = {
			isa = PBXGroup;
			children = (
				571B92AF1C68C61800FF9DA3 /* Scene.swift */,
				571B92B11C68CB4500FF9DA3 /* SceneSwitcher.swift */,
				571B92B31C6A1EC800FF9DA3 /* BaseRenderer.swift */,
				571B92AD1C68C60400FF9DA3 /* GameScene.swift */,
				57D866C41BEF66F90034DEDE /* GameSceneRenderer.swift */,
				57C31EA81C3E8EDE00DAFCCE /* GameSceneModelProducer.swift */,
				571B92B51C6A2F0900FF9DA3 /* TitleScene.swift */,
				571B92B71C6A305D00FF9DA3 /* TitleSceneRenderer.swift */,
				571B92BB1C6E487300FF9DA3 /* TitleSceneModelProducer.swift */,
			);
			path = Scene;
			sourceTree = "<group>";
		};
		57DDC9531BDB2E70009423EA /* Entity */ = {
			isa = PBXGroup;
			children = (
				57DC980B1C1325C90004B107 /* FontData.swift */,
				579AD5F31C01ECA100218D38 /* World.swift */,
				579AD6081C01F35300218D38 /* Item.swift */,
				579AD5F51C01EE0500218D38 /* Icosahedron.swift */,
				571B92BD1C6EF6B300FF9DA3 /* Track.swift */,
				5746E6131C8DB42700D60C3F /* SymbolDetector.swift */,
			);
			path = Entity;
			sourceTree = "<group>";
		};
		57E2FA131C0AB86500DF1796 /* Utility */ = {
			isa = PBXGroup;
			children = (
				57E2FA141C0AB8A900DF1796 /* UIColorExtensions.swift */,
				5778A5771C2A588B0019FF99 /* RendererSupport.swift */,
				57F5FB721C34150A00817824 /* VectorExtensions.swift */,
				571416B21C3A9C2A00CF6F7D /* Math.swift */,
			);
			path = Utility;
			sourceTree = "<group>";
		};
		57F5FB601C33BC8C00817824 /* dSYMs */ = {
			isa = PBXGroup;
			children = (
				57F5FB691C33BDE300817824 /* Himotoki.framework.dSYM */,
				57F5FB6B1C33BDE300817824 /* RxCocoa.framework.dSYM */,
				57F5FB6C1C33BDE300817824 /* RxSwift.framework.dSYM */,
			);
			name = dSYMs;
			sourceTree = "<group>";
		};
		F753C31B6DC8F86ABE5A2331 /* Frameworks */ = {
			isa = PBXGroup;
			children = (
				57F5FB601C33BC8C00817824 /* dSYMs */,
				57F5FB411C33BC2B00817824 /* Himotoki.framework */,
				57F5FB431C33BC2B00817824 /* RxCocoa.framework */,
				57F5FB441C33BC2B00817824 /* RxSwift.framework */,
				57DDC94F1BD7D173009423EA /* GLKit.framework */,
			);
			name = Frameworks;
			sourceTree = "<group>";
		};
/* End PBXGroup section */

/* Begin PBXNativeTarget section */
		5746E6081C8DB30400D60C3F /* IcosahedronTests */ = {
			isa = PBXNativeTarget;
			buildConfigurationList = 5746E6121C8DB30400D60C3F /* Build configuration list for PBXNativeTarget "IcosahedronTests" */;
			buildPhases = (
				5746E6051C8DB30400D60C3F /* Sources */,
				5746E6061C8DB30400D60C3F /* Frameworks */,
				5746E6071C8DB30400D60C3F /* Resources */,
			);
			buildRules = (
			);
			dependencies = (
				5746E60F1C8DB30400D60C3F /* PBXTargetDependency */,
			);
			name = IcosahedronTests;
			productName = IcosahedronTests;
			productReference = 5746E6091C8DB30400D60C3F /* IcosahedronTests.xctest */;
			productType = "com.apple.product-type.bundle.unit-test";
		};
		5790139E1BC1083400ADAE3E /* Icosahedron */ = {
			isa = PBXNativeTarget;
			buildConfigurationList = 579013B51BC1083400ADAE3E /* Build configuration list for PBXNativeTarget "Icosahedron" */;
			buildPhases = (
				572FCA5C1C4A430500778913 /* SwiftLint */,
				5790139B1BC1083400ADAE3E /* Sources */,
				5790139C1BC1083400ADAE3E /* Frameworks */,
				5790139D1BC1083400ADAE3E /* Resources */,
				57F5FB661C33BCF200817824 /* Carthage copy-framework */,
				57F5FB671C33BD9000817824 /* Carthage Copy dSYMs */,
			);
			buildRules = (
			);
			dependencies = (
			);
			name = Icosahedron;
			productName = Icosahedron;
			productReference = 5790139F1BC1083400ADAE3E /* Icosahedron.app */;
			productType = "com.apple.product-type.application";
		};
/* End PBXNativeTarget section */

/* Begin PBXProject section */
		579013971BC1083400ADAE3E /* Project object */ = {
			isa = PBXProject;
			attributes = {
				LastSwiftUpdateCheck = 0720;
				LastUpgradeCheck = 0700;
				ORGANIZATIONNAME = slightair;
				TargetAttributes = {
					5746E6081C8DB30400D60C3F = {
						CreatedOnToolsVersion = 7.2;
						TestTargetID = 5790139E1BC1083400ADAE3E;
					};
					5790139E1BC1083400ADAE3E = {
						CreatedOnToolsVersion = 7.0.1;
					};
				};
			};
			buildConfigurationList = 5790139A1BC1083400ADAE3E /* Build configuration list for PBXProject "Icosahedron" */;
			compatibilityVersion = "Xcode 3.2";
			developmentRegion = English;
			hasScannedForEncodings = 0;
			knownRegions = (
				en,
				Base,
			);
			mainGroup = 579013961BC1083400ADAE3E;
			productRefGroup = 579013A01BC1083400ADAE3E /* Products */;
			projectDirPath = "";
			projectRoot = "";
			targets = (
				5790139E1BC1083400ADAE3E /* Icosahedron */,
				5746E6081C8DB30400D60C3F /* IcosahedronTests */,
			);
		};
/* End PBXProject section */

/* Begin PBXResourcesBuildPhase section */
		5746E6071C8DB30400D60C3F /* Resources */ = {
			isa = PBXResourcesBuildPhase;
			buildActionMask = 2147483647;
			files = (
			);
			runOnlyForDeploymentPostprocessing = 0;
		};
		5790139D1BC1083400ADAE3E /* Resources */ = {
			isa = PBXResourcesBuildPhase;
			buildActionMask = 2147483647;
			files = (
				5756BE821C5908D4007F163B /* CanvasShader.fsh in Resources */,
				573132351BDCBF5200824EA5 /* ModelShader.fsh in Resources */,
				579013AC1BC1083400ADAE3E /* Main.storyboard in Resources */,
				579013AE1BC1083400ADAE3E /* Assets.xcassets in Resources */,
				579013B11BC1083400ADAE3E /* LaunchScreen.storyboard in Resources */,
				572FCA561C47E31300778913 /* ParticleShader.vsh in Resources */,
				5708F42A1C5DE50D00ECDE0E /* BackgroundShader.fsh in Resources */,
				5708F42C1C5DE50D00ECDE0E /* BackgroundShader.vsh in Resources */,
				5778A54A1C25384F0019FF99 /* UIShader.fsh in Resources */,
				5756BE801C5908C8007F163B /* CanvasShader.vsh in Resources */,
				5778A54C1C25385B0019FF99 /* UIShader.vsh in Resources */,
				573132361BDCBF5200824EA5 /* ModelShader.vsh in Resources */,
				572FCA581C47E31E00778913 /* ParticleShader.fsh in Resources */,
			);
			runOnlyForDeploymentPostprocessing = 0;
		};
/* End PBXResourcesBuildPhase section */

/* Begin PBXShellScriptBuildPhase section */
		572FCA5C1C4A430500778913 /* SwiftLint */ = {
			isa = PBXShellScriptBuildPhase;
			buildActionMask = 2147483647;
			files = (
			);
			inputPaths = (
			);
			name = SwiftLint;
			outputPaths = (
			);
			runOnlyForDeploymentPostprocessing = 0;
			shellPath = /bin/sh;
			shellScript = /opt/brew/bin/swiftlint;
		};
		57F5FB661C33BCF200817824 /* Carthage copy-framework */ = {
			isa = PBXShellScriptBuildPhase;
			buildActionMask = 2147483647;
			files = (
			);
			inputPaths = (
				"$(SRCROOT)/Carthage/Build/iOS/Himotoki.framework",
				"$(SRCROOT)/Carthage/Build/iOS/RxCocoa.framework",
				"$(SRCROOT)/Carthage/Build/iOS/RxSwift.framework",
			);
			name = "Carthage copy-framework";
			outputPaths = (
			);
			runOnlyForDeploymentPostprocessing = 0;
			shellPath = /bin/sh;
			shellScript = "/opt/brew/bin/carthage copy-frameworks";
		};
/* End PBXShellScriptBuildPhase section */

/* Begin PBXSourcesBuildPhase section */
		5746E6051C8DB30400D60C3F /* Sources */ = {
			isa = PBXSourcesBuildPhase;
			buildActionMask = 2147483647;
			files = (
				5746E6181C8DB55300D60C3F /* SymbolDetectorTests.swift in Sources */,
				5746E6151C8DB42700D60C3F /* SymbolDetector.swift in Sources */,
				5746E6191C8DB5A200D60C3F /* Icosahedron.swift in Sources */,
				5746E61A1C8DB5AF00D60C3F /* Track.swift in Sources */,
				5746E61D1C8DB62C00D60C3F /* Item.swift in Sources */,
				5746E61B1C8DB5B700D60C3F /* World.swift in Sources */,
				577600571C90650300A0E830 /* TrackTests.swift in Sources */,
			);
			runOnlyForDeploymentPostprocessing = 0;
		};
		5790139B1BC1083400ADAE3E /* Sources */ = {
			isa = PBXSourcesBuildPhase;
			buildActionMask = 2147483647;
			files = (
				5771700D1C4D1886008C35A2 /* SphereModel.swift in Sources */,
				5708F42B1C5DE50D00ECDE0E /* BackgroundShaderProgram.swift in Sources */,
				571B92BC1C6E487300FF9DA3 /* TitleSceneModelProducer.swift in Sources */,
				5746E6141C8DB42700D60C3F /* SymbolDetector.swift in Sources */,
				572FCA4E1C3EB3FC00778913 /* FloatingLabelModel.swift in Sources */,
				572FCA611C4A59D400778913 /* Particle.swift in Sources */,
				572FCA5F1C4A442700778913 /* ParticleVertex.swift in Sources */,
				57D866C51BEF66F90034DEDE /* GameSceneRenderer.swift in Sources */,
				5756BE841C590ACB007F163B /* CanvasModel.swift in Sources */,
				571416B31C3A9C2A00CF6F7D /* Math.swift in Sources */,
				579AD6011C01EEB900218D38 /* IcosahedronModel.swift in Sources */,
				57DC980C1C1325C90004B107 /* FontData.swift in Sources */,
				571B92BE1C6EF6B300FF9DA3 /* Track.swift in Sources */,
				571B92B21C68CB4500FF9DA3 /* SceneSwitcher.swift in Sources */,
				571B92AE1C68C60400FF9DA3 /* GameScene.swift in Sources */,
				579AD6031C01EEB900218D38 /* ItemModel.swift in Sources */,
				571B92B41C6A1EC800FF9DA3 /* BaseRenderer.swift in Sources */,
				571B92C01C70494100FF9DA3 /* TrackModel.swift in Sources */,
				572FCA541C47E0DD00778913 /* ParticleShaderProgram.swift in Sources */,
				5771700F1C4E7F50008C35A2 /* RenderablePolygon.swift in Sources */,
				5778A5481C25382B0019FF99 /* UIShaderProgram.swift in Sources */,
				572FCA5B1C4A2D6E00778913 /* ParticleEmitter.swift in Sources */,
				57E2FA151C0AB8A900DF1796 /* UIColorExtensions.swift in Sources */,
				57F5FB751C34DC1E00817824 /* OctahedronModel.swift in Sources */,
				57F5FB731C34150A00817824 /* VectorExtensions.swift in Sources */,
				579AD5F61C01EE0500218D38 /* Icosahedron.swift in Sources */,
				571B92BA1C6A399400FF9DA3 /* TextureSet.swift in Sources */,
				572FCA501C45306B00778913 /* SequenceLabelModelGroup.swift in Sources */,
				579AD6041C01EEB900218D38 /* MarkerModel.swift in Sources */,
				57D866C31BEE3AA30034DEDE /* GameViewController.swift in Sources */,
				579013A31BC1083400ADAE3E /* AppDelegate.swift in Sources */,
				57D866CB1BF2ED5E0034DEDE /* ShaderProgram.swift in Sources */,
				579AD6091C01F35300218D38 /* Item.swift in Sources */,
				5778A5781C2A588B0019FF99 /* RendererSupport.swift in Sources */,
				571B92B81C6A305D00FF9DA3 /* TitleSceneRenderer.swift in Sources */,
				57D866CD1BF2EF0C0034DEDE /* ModelShaderProgram.swift in Sources */,
				579AD60C1C02F92700218D38 /* MotherIcosahedronModel.swift in Sources */,
				579AD5F41C01ECA100218D38 /* World.swift in Sources */,
				57F5FB771C36702700817824 /* LevelLabelModel.swift in Sources */,
				579AD6051C01EEB900218D38 /* ModelVertex.swift in Sources */,
				572FCA521C45308E00778913 /* FadeOutLabelModel.swift in Sources */,
				57C58F071C1F18B600840B56 /* GaugeModel.swift in Sources */,
				57C31EA91C3E8EDE00DAFCCE /* GameSceneModelProducer.swift in Sources */,
				57DC980E1C141A350004B107 /* LabelModel.swift in Sources */,
				571B92B01C68C61800FF9DA3 /* Scene.swift in Sources */,
				579AD6021C01EEB900218D38 /* IcosahedronVertex.swift in Sources */,
				579AD6061C01EEB900218D38 /* Renderable.swift in Sources */,
				579AD6071C01EEB900218D38 /* TetrahedronModel.swift in Sources */,
				5756BE7E1C5908AB007F163B /* CanvasShaderProgram.swift in Sources */,
				571B92B61C6A2F0900FF9DA3 /* TitleScene.swift in Sources */,
			);
			runOnlyForDeploymentPostprocessing = 0;
		};
/* End PBXSourcesBuildPhase section */

/* Begin PBXTargetDependency section */
		5746E60F1C8DB30400D60C3F /* PBXTargetDependency */ = {
			isa = PBXTargetDependency;
			target = 5790139E1BC1083400ADAE3E /* Icosahedron */;
			targetProxy = 5746E60E1C8DB30400D60C3F /* PBXContainerItemProxy */;
		};
/* End PBXTargetDependency section */

/* Begin PBXVariantGroup section */
		579013AA1BC1083400ADAE3E /* Main.storyboard */ = {
			isa = PBXVariantGroup;
			children = (
				579013AB1BC1083400ADAE3E /* Base */,
			);
			name = Main.storyboard;
			sourceTree = "<group>";
		};
		579013AF1BC1083400ADAE3E /* LaunchScreen.storyboard */ = {
			isa = PBXVariantGroup;
			children = (
				579013B01BC1083400ADAE3E /* Base */,
			);
			name = LaunchScreen.storyboard;
			sourceTree = "<group>";
		};
/* End PBXVariantGroup section */

/* Begin XCBuildConfiguration section */
		5746E6101C8DB30400D60C3F /* Debug */ = {
			isa = XCBuildConfiguration;
			buildSettings = {
				DEBUG_INFORMATION_FORMAT = dwarf;
				FRAMEWORK_SEARCH_PATHS = (
					"$(inherited)",
					"$(PROJECT_DIR)/Carthage/Build/iOS",
				);
				INFOPLIST_FILE = IcosahedronTests/Info.plist;
				IPHONEOS_DEPLOYMENT_TARGET = 9.2;
				LD_RUNPATH_SEARCH_PATHS = "$(inherited) @executable_path/Frameworks @loader_path/Frameworks";
				PRODUCT_BUNDLE_IDENTIFIER = cc.clv.IcosahedronTests;
				PRODUCT_NAME = "$(TARGET_NAME)";
				TEST_HOST = "$(BUILT_PRODUCTS_DIR)/Icosahedron.app/Icosahedron";
			};
			name = Debug;
		};
		5746E6111C8DB30400D60C3F /* Release */ = {
			isa = XCBuildConfiguration;
			buildSettings = {
				FRAMEWORK_SEARCH_PATHS = (
					"$(inherited)",
					"$(PROJECT_DIR)/Carthage/Build/iOS",
				);
				INFOPLIST_FILE = IcosahedronTests/Info.plist;
				IPHONEOS_DEPLOYMENT_TARGET = 9.2;
				LD_RUNPATH_SEARCH_PATHS = "$(inherited) @executable_path/Frameworks @loader_path/Frameworks";
				PRODUCT_BUNDLE_IDENTIFIER = cc.clv.IcosahedronTests;
				PRODUCT_NAME = "$(TARGET_NAME)";
				TEST_HOST = "$(BUILT_PRODUCTS_DIR)/Icosahedron.app/Icosahedron";
			};
			name = Release;
		};
		579013B31BC1083400ADAE3E /* Debug */ = {
			isa = XCBuildConfiguration;
			buildSettings = {
				ALWAYS_SEARCH_USER_PATHS = NO;
				CLANG_CXX_LANGUAGE_STANDARD = "gnu++0x";
				CLANG_CXX_LIBRARY = "libc++";
				CLANG_ENABLE_MODULES = YES;
				CLANG_ENABLE_OBJC_ARC = YES;
				CLANG_WARN_BOOL_CONVERSION = YES;
				CLANG_WARN_CONSTANT_CONVERSION = YES;
				CLANG_WARN_DIRECT_OBJC_ISA_USAGE = YES_ERROR;
				CLANG_WARN_EMPTY_BODY = YES;
				CLANG_WARN_ENUM_CONVERSION = YES;
				CLANG_WARN_INT_CONVERSION = YES;
				CLANG_WARN_OBJC_ROOT_CLASS = YES_ERROR;
				CLANG_WARN_UNREACHABLE_CODE = YES;
				CLANG_WARN__DUPLICATE_METHOD_MATCH = YES;
				"CODE_SIGN_IDENTITY[sdk=iphoneos*]" = "iPhone Developer";
				COPY_PHASE_STRIP = NO;
				DEBUG_INFORMATION_FORMAT = "dwarf-with-dsym";
				ENABLE_STRICT_OBJC_MSGSEND = YES;
				ENABLE_TESTABILITY = YES;
				GCC_C_LANGUAGE_STANDARD = gnu99;
				GCC_DYNAMIC_NO_PIC = NO;
				GCC_NO_COMMON_BLOCKS = YES;
				GCC_OPTIMIZATION_LEVEL = 0;
				GCC_PREPROCESSOR_DEFINITIONS = (
					"DEBUG=1",
					"$(inherited)",
				);
				GCC_WARN_64_TO_32_BIT_CONVERSION = YES;
				GCC_WARN_ABOUT_RETURN_TYPE = YES_ERROR;
				GCC_WARN_UNDECLARED_SELECTOR = YES;
				GCC_WARN_UNINITIALIZED_AUTOS = YES_AGGRESSIVE;
				GCC_WARN_UNUSED_FUNCTION = YES;
				GCC_WARN_UNUSED_VARIABLE = YES;
				IPHONEOS_DEPLOYMENT_TARGET = 9.0;
				MTL_ENABLE_DEBUG_INFO = YES;
				ONLY_ACTIVE_ARCH = YES;
				SDKROOT = iphoneos;
				SWIFT_OPTIMIZATION_LEVEL = "-Onone";
				TARGETED_DEVICE_FAMILY = "1,2";
			};
			name = Debug;
		};
		579013B41BC1083400ADAE3E /* Release */ = {
			isa = XCBuildConfiguration;
			buildSettings = {
				ALWAYS_SEARCH_USER_PATHS = NO;
				CLANG_CXX_LANGUAGE_STANDARD = "gnu++0x";
				CLANG_CXX_LIBRARY = "libc++";
				CLANG_ENABLE_MODULES = YES;
				CLANG_ENABLE_OBJC_ARC = YES;
				CLANG_WARN_BOOL_CONVERSION = YES;
				CLANG_WARN_CONSTANT_CONVERSION = YES;
				CLANG_WARN_DIRECT_OBJC_ISA_USAGE = YES_ERROR;
				CLANG_WARN_EMPTY_BODY = YES;
				CLANG_WARN_ENUM_CONVERSION = YES;
				CLANG_WARN_INT_CONVERSION = YES;
				CLANG_WARN_OBJC_ROOT_CLASS = YES_ERROR;
				CLANG_WARN_UNREACHABLE_CODE = YES;
				CLANG_WARN__DUPLICATE_METHOD_MATCH = YES;
				"CODE_SIGN_IDENTITY[sdk=iphoneos*]" = "iPhone Developer";
				COPY_PHASE_STRIP = NO;
				DEBUG_INFORMATION_FORMAT = "dwarf-with-dsym";
				ENABLE_NS_ASSERTIONS = NO;
				ENABLE_STRICT_OBJC_MSGSEND = YES;
				GCC_C_LANGUAGE_STANDARD = gnu99;
				GCC_NO_COMMON_BLOCKS = YES;
				GCC_WARN_64_TO_32_BIT_CONVERSION = YES;
				GCC_WARN_ABOUT_RETURN_TYPE = YES_ERROR;
				GCC_WARN_UNDECLARED_SELECTOR = YES;
				GCC_WARN_UNINITIALIZED_AUTOS = YES_AGGRESSIVE;
				GCC_WARN_UNUSED_FUNCTION = YES;
				GCC_WARN_UNUSED_VARIABLE = YES;
				IPHONEOS_DEPLOYMENT_TARGET = 9.0;
				MTL_ENABLE_DEBUG_INFO = NO;
				SDKROOT = iphoneos;
				TARGETED_DEVICE_FAMILY = "1,2";
				VALIDATE_PRODUCT = YES;
			};
			name = Release;
		};
		579013B61BC1083400ADAE3E /* Debug */ = {
			isa = XCBuildConfiguration;
			buildSettings = {
				ASSETCATALOG_COMPILER_APPICON_NAME = AppIcon;
				CLANG_ENABLE_MODULES = YES;
				FRAMEWORK_SEARCH_PATHS = (
					"$(inherited)",
					"$(PROJECT_DIR)/Carthage/Build/iOS",
				);
				INFOPLIST_FILE = "$(SRCROOT)/Icosahedron/Info.plist";
				LD_RUNPATH_SEARCH_PATHS = "$(inherited) @executable_path/Frameworks";
				PRODUCT_BUNDLE_IDENTIFIER = cc.clv.ios.Icosahedron;
				PRODUCT_NAME = Icosahedron;
				SWIFT_INSTALL_OBJC_HEADER = YES;
				SWIFT_OBJC_BRIDGING_HEADER = "";
				SWIFT_OPTIMIZATION_LEVEL = "-Onone";
			};
			name = Debug;
		};
		579013B71BC1083400ADAE3E /* Release */ = {
			isa = XCBuildConfiguration;
			buildSettings = {
				ASSETCATALOG_COMPILER_APPICON_NAME = AppIcon;
				CLANG_ENABLE_MODULES = YES;
				FRAMEWORK_SEARCH_PATHS = (
					"$(inherited)",
					"$(PROJECT_DIR)/Carthage/Build/iOS",
				);
				INFOPLIST_FILE = "$(SRCROOT)/Icosahedron/Info.plist";
				LD_RUNPATH_SEARCH_PATHS = "$(inherited) @executable_path/Frameworks";
				PRODUCT_BUNDLE_IDENTIFIER = cc.clv.ios.Icosahedron;
				PRODUCT_NAME = Icosahedron;
				SWIFT_INSTALL_OBJC_HEADER = YES;
				SWIFT_OBJC_BRIDGING_HEADER = "";
			};
			name = Release;
		};
/* End XCBuildConfiguration section */

/* Begin XCConfigurationList section */
		5746E6121C8DB30400D60C3F /* Build configuration list for PBXNativeTarget "IcosahedronTests" */ = {
			isa = XCConfigurationList;
			buildConfigurations = (
				5746E6101C8DB30400D60C3F /* Debug */,
				5746E6111C8DB30400D60C3F /* Release */,
			);
			defaultConfigurationIsVisible = 0;
			defaultConfigurationName = Release;
		};
		5790139A1BC1083400ADAE3E /* Build configuration list for PBXProject "Icosahedron" */ = {
			isa = XCConfigurationList;
			buildConfigurations = (
				579013B31BC1083400ADAE3E /* Debug */,
				579013B41BC1083400ADAE3E /* Release */,
			);
			defaultConfigurationIsVisible = 0;
			defaultConfigurationName = Release;
		};
		579013B51BC1083400ADAE3E /* Build configuration list for PBXNativeTarget "Icosahedron" */ = {
			isa = XCConfigurationList;
			buildConfigurations = (
				579013B61BC1083400ADAE3E /* Debug */,
				579013B71BC1083400ADAE3E /* Release */,
			);
			defaultConfigurationIsVisible = 0;
			defaultConfigurationName = Release;
		};
/* End XCConfigurationList section */
	};
	rootObject = 579013971BC1083400ADAE3E /* Project object */;
}
