PODS:
  - ChameleonFramework (2.0.3):
    - ChameleonFramework/Default (= 2.0.3)
  - ChameleonFramework/Default (2.0.3)
  - Himotoki (1.3.1)
  - RxSwift (2.0.0-beta.4)

DEPENDENCIES:
  - ChameleonFramework
  - Himotoki
  - RxSwift (= 2.0.0-beta.4)

SPEC CHECKSUMS:
  ChameleonFramework: 31cf675235772b0fb6f43bf76547eafc2d6442ae
  Himotoki: 63d5fe2330b09bdb0ab7d8715c50862c16c289e3
  RxSwift: 191c6b06da783a8671433cf35a54d2ad2fd2d9de

COCOAPODS: 0.39.0
